// !$*UTF8*$!
{
	archiveVersion = 1;
	classes = {
	};
	objectVersion = 46;
	objects = {

/* Begin PBXBuildFile section */
		3F15A17C1B4AA242002011BF /* main.m in Sources */ = {isa = PBXBuildFile; fileRef = 3F15A17B1B4AA242002011BF /* main.m */; };
		3F15A1851B4AAE92002011BF /* MRFBeing.m in Sources */ = {isa = PBXBuildFile; fileRef = 3F15A1841B4AAE92002011BF /* MRFBeing.m */; };
		3F543CFB1B56980300ECA337 /* MRFCarwashEnterprise.m in Sources */ = {isa = PBXBuildFile; fileRef = 3F543CFA1B56980300ECA337 /* MRFCarwashEnterprise.m */; };
		3F543D041B5D7C2D00ECA337 /* NSString+MRFNStringExtensions.m in Sources */ = {isa = PBXBuildFile; fileRef = 3F543D031B5D7C2D00ECA337 /* NSString+MRFNStringExtensions.m */; };
		3F543D081B5D8B6400ECA337 /* NSStringExtensionsTests.m in Sources */ = {isa = PBXBuildFile; fileRef = 3F543D071B5D8B6400ECA337 /* NSStringExtensionsTests.m */; };
		3F543D0C1B5EF20700ECA337 /* MRFAlphabet.m in Sources */ = {isa = PBXBuildFile; fileRef = 3F543D0B1B5EF20700ECA337 /* MRFAlphabet.m */; };
		3F543D281B6814BF00ECA337 /* MRFAlphabetFromString.m in Sources */ = {isa = PBXBuildFile; fileRef = 3F543D211B6814BF00ECA337 /* MRFAlphabetFromString.m */; };
		3F543D291B6814BF00ECA337 /* MRFAlphabetWithRange.m in Sources */ = {isa = PBXBuildFile; fileRef = 3F543D241B6814BF00ECA337 /* MRFAlphabetWithRange.m */; };
		3F543D2A1B6814BF00ECA337 /* MRFAlphabetWithStrings.m in Sources */ = {isa = PBXBuildFile; fileRef = 3F543D271B6814BF00ECA337 /* MRFAlphabetWithStrings.m */; };
		3F543D2D1B68161300ECA337 /* MRFAlphabets.m in Sources */ = {isa = PBXBuildFile; fileRef = 3F543D2C1B68161300ECA337 /* MRFAlphabets.m */; };
		3F58FC9B1B10AF8600B0FC4D /* MRFArray.c in Sources */ = {isa = PBXBuildFile; fileRef = 3F58FC991B10AF8600B0FC4D /* MRFArray.c */; };
		3F58FC9E1B11CBD400B0FC4D /* MRFArrayTests.c in Sources */ = {isa = PBXBuildFile; fileRef = 3F58FC9C1B11CBD400B0FC4D /* MRFArrayTests.c */; };
		3F58FCA21B1CE7FA00B0FC4D /* MRFString.c in Sources */ = {isa = PBXBuildFile; fileRef = 3F58FCA01B1CE7FA00B0FC4D /* MRFString.c */; };
		3F58FCA51B1E235200B0FC4D /* MRFStringTests.c in Sources */ = {isa = PBXBuildFile; fileRef = 3F58FCA31B1E235200B0FC4D /* MRFStringTests.c */; };
		3F58FCC01B20723F00B0FC4D /* MRFLinkedList.c in Sources */ = {isa = PBXBuildFile; fileRef = 3F58FCBC1B1F346A00B0FC4D /* MRFLinkedList.c */; };
		3F58FCC11B20724500B0FC4D /* MRFLinkedListNode.c in Sources */ = {isa = PBXBuildFile; fileRef = 3F58FCB81B1F2ABC00B0FC4D /* MRFLinkedListNode.c */; };
		3F58FCC51B208C2400B0FC4D /* MRFLinkedListTests.c in Sources */ = {isa = PBXBuildFile; fileRef = 3F58FCC31B208C2400B0FC4D /* MRFLinkedListTests.c */; };
		3F58FCC91B2710B100B0FC4D /* MRFLinkedListEnumerator.c in Sources */ = {isa = PBXBuildFile; fileRef = 3F58FCC71B2710B100B0FC4D /* MRFLinkedListEnumerator.c */; };
		3F58FCCE1B28419700B0FC4D /* MRFLinkedListNodeTests.c in Sources */ = {isa = PBXBuildFile; fileRef = 3F58FCCC1B28419700B0FC4D /* MRFLinkedListNodeTests.c */; };
		3F58FCD31B285E9500B0FC4D /* MRFAutoReleasingStack.c in Sources */ = {isa = PBXBuildFile; fileRef = 3F58FCD11B285E9500B0FC4D /* MRFAutoReleasingStack.c */; };
		3F58FCD61B286DC200B0FC4D /* MRFAutoReleasingStackTests.c in Sources */ = {isa = PBXBuildFile; fileRef = 3F58FCD41B286DC200B0FC4D /* MRFAutoReleasingStackTests.c */; };
		3F58FCDA1B29CE3C00B0FC4D /* MRFAutoReleasePool.c in Sources */ = {isa = PBXBuildFile; fileRef = 3F58FCD81B29CE3C00B0FC4D /* MRFAutoReleasePool.c */; };
		3F58FCDD1B3044B800B0FC4D /* MRFAutoReleasePoolTests.c in Sources */ = {isa = PBXBuildFile; fileRef = 3F58FCDB1B3044B800B0FC4D /* MRFAutoReleasePoolTests.c */; };
		3FC3654B1B091B3D00F03B12 /* MRFHumanTests.c in Sources */ = {isa = PBXBuildFile; fileRef = 3FC365491B091B3D00F03B12 /* MRFHumanTests.c */; };
		3FC365521B0A4CDF00F03B12 /* MRFObject.c in Sources */ = {isa = PBXBuildFile; fileRef = 3FC365501B0A4CDF00F03B12 /* MRFObject.c */; };
		3FC365531B0A536300F03B12 /* MRFHuman.c in Sources */ = {isa = PBXBuildFile; fileRef = 3FC3654D1B0A4C4F00F03B12 /* MRFHuman.c */; };
		3FDBA6D71B026F8300025857 /* main.c in Sources */ = {isa = PBXBuildFile; fileRef = 3FDBA6D61B026F8300025857 /* main.c */; };
		3FFABC5D1B4EA9040074770C /* MRFBeingTests.m in Sources */ = {isa = PBXBuildFile; fileRef = 3FFABC5C1B4EA9040074770C /* MRFBeingTests.m */; };
		3FFABC631B4EAAF10074770C /* MRFBeingTests.m in Sources */ = {isa = PBXBuildFile; fileRef = 3FFABC621B4EAAF10074770C /* MRFBeingTests.m */; };
		3FFABC671B4EB7B20074770C /* MRFMaleBeing.m in Sources */ = {isa = PBXBuildFile; fileRef = 3FFABC661B4EB7B20074770C /* MRFMaleBeing.m */; };
		3FFABC6B1B4EBAE10074770C /* MRFFemaleBeing.m in Sources */ = {isa = PBXBuildFile; fileRef = 3FFABC6A1B4EBAE10074770C /* MRFFemaleBeing.m */; };
		3FFABC6F1B53BAAF0074770C /* NSObject+MRFObjectExtensions.m in Sources */ = {isa = PBXBuildFile; fileRef = 3FFABC6E1B53BAAF0074770C /* NSObject+MRFObjectExtensions.m */; };
		3FFABC751B53E7E30074770C /* MRFCar.m in Sources */ = {isa = PBXBuildFile; fileRef = 3FFABC741B53E7E30074770C /* MRFCar.m */; };
		3FFABC791B53F1F30074770C /* MRFRoom.m in Sources */ = {isa = PBXBuildFile; fileRef = 3FFABC781B53F1F30074770C /* MRFRoom.m */; };
		3FFABC7D1B53FA070074770C /* MRFCarwashRoom.m in Sources */ = {isa = PBXBuildFile; fileRef = 3FFABC7C1B53FA070074770C /* MRFCarwashRoom.m */; };
		3FFABC821B540A340074770C /* MRFBuilding.m in Sources */ = {isa = PBXBuildFile; fileRef = 3FFABC811B540A340074770C /* MRFBuilding.m */; };
		3FFABC871B5414BD0074770C /* MRFEmployee.m in Sources */ = {isa = PBXBuildFile; fileRef = 3FFABC861B5414BD0074770C /* MRFEmployee.m */; };
		3FFABC8B1B5421950074770C /* MRFEmployeeWasher.m in Sources */ = {isa = PBXBuildFile; fileRef = 3FFABC8A1B5421950074770C /* MRFEmployeeWasher.m */; };
/* End PBXBuildFile section */

/* Begin PBXCopyFilesBuildPhase section */
		3F15A1771B4AA242002011BF /* CopyFiles */ = {
			isa = PBXCopyFilesBuildPhase;
			buildActionMask = 2147483647;
			dstPath = /usr/share/man/man1/;
			dstSubfolderSpec = 0;
			files = (
			);
			runOnlyForDeploymentPostprocessing = 1;
		};
		3FDBA6D11B026F8300025857 /* CopyFiles */ = {
			isa = PBXCopyFilesBuildPhase;
			buildActionMask = 2147483647;
			dstPath = /usr/share/man/man1/;
			dstSubfolderSpec = 0;
			files = (
			);
			runOnlyForDeploymentPostprocessing = 1;
		};
/* End PBXCopyFilesBuildPhase section */

/* Begin PBXFileReference section */
		3F15A1791B4AA242002011BF /* MRFObjCHomework */ = {isa = PBXFileReference; explicitFileType = "compiled.mach-o.executable"; includeInIndex = 0; path = MRFObjCHomework; sourceTree = BUILT_PRODUCTS_DIR; };
		3F15A17B1B4AA242002011BF /* main.m */ = {isa = PBXFileReference; lastKnownFileType = sourcecode.c.objc; name = main.m; path = Source/main.m; sourceTree = "<group>"; };
		3F15A1831B4AAE92002011BF /* MRFBeing.h */ = {isa = PBXFileReference; fileEncoding = 4; lastKnownFileType = sourcecode.c.h; path = MRFBeing.h; sourceTree = "<group>"; xcLanguageSpecificationIdentifier = xcode.lang.objc; };
		3F15A1841B4AAE92002011BF /* MRFBeing.m */ = {isa = PBXFileReference; fileEncoding = 4; lastKnownFileType = sourcecode.c.objc; path = MRFBeing.m; sourceTree = "<group>"; };
		3F543CF91B56980300ECA337 /* MRFCarwashEnterprise.h */ = {isa = PBXFileReference; fileEncoding = 4; lastKnownFileType = sourcecode.c.h; path = MRFCarwashEnterprise.h; sourceTree = "<group>"; };
		3F543CFA1B56980300ECA337 /* MRFCarwashEnterprise.m */ = {isa = PBXFileReference; fileEncoding = 4; lastKnownFileType = sourcecode.c.objc; path = MRFCarwashEnterprise.m; sourceTree = "<group>"; };
		3F543D001B5D52CF00ECA337 /* MRFMoneyFlow.h */ = {isa = PBXFileReference; lastKnownFileType = sourcecode.c.h; path = MRFMoneyFlow.h; sourceTree = "<group>"; };
		3F543D021B5D7C2D00ECA337 /* NSString+MRFNStringExtensions.h */ = {isa = PBXFileReference; fileEncoding = 4; lastKnownFileType = sourcecode.c.h; path = "NSString+MRFNStringExtensions.h"; sourceTree = "<group>"; };
		3F543D031B5D7C2D00ECA337 /* NSString+MRFNStringExtensions.m */ = {isa = PBXFileReference; fileEncoding = 4; lastKnownFileType = sourcecode.c.objc; path = "NSString+MRFNStringExtensions.m"; sourceTree = "<group>"; };
		3F543D061B5D8B6400ECA337 /* NSStringExtensionsTests.h */ = {isa = PBXFileReference; fileEncoding = 4; lastKnownFileType = sourcecode.c.h; path = NSStringExtensionsTests.h; sourceTree = "<group>"; };
		3F543D071B5D8B6400ECA337 /* NSStringExtensionsTests.m */ = {isa = PBXFileReference; fileEncoding = 4; lastKnownFileType = sourcecode.c.objc; path = NSStringExtensionsTests.m; sourceTree = "<group>"; };
		3F543D0A1B5EF20700ECA337 /* MRFAlphabet.h */ = {isa = PBXFileReference; fileEncoding = 4; lastKnownFileType = sourcecode.c.h; path = MRFAlphabet.h; sourceTree = "<group>"; };
		3F543D0B1B5EF20700ECA337 /* MRFAlphabet.m */ = {isa = PBXFileReference; fileEncoding = 4; lastKnownFileType = sourcecode.c.objc; path = MRFAlphabet.m; sourceTree = "<group>"; };
		3F543D201B6814BF00ECA337 /* MRFAlphabetFromString.h */ = {isa = PBXFileReference; fileEncoding = 4; lastKnownFileType = sourcecode.c.h; path = MRFAlphabetFromString.h; sourceTree = "<group>"; };
		3F543D211B6814BF00ECA337 /* MRFAlphabetFromString.m */ = {isa = PBXFileReference; fileEncoding = 4; lastKnownFileType = sourcecode.c.objc; path = MRFAlphabetFromString.m; sourceTree = "<group>"; };
		3F543D231B6814BF00ECA337 /* MRFAlphabetWithRange.h */ = {isa = PBXFileReference; fileEncoding = 4; lastKnownFileType = sourcecode.c.h; path = MRFAlphabetWithRange.h; sourceTree = "<group>"; };
		3F543D241B6814BF00ECA337 /* MRFAlphabetWithRange.m */ = {isa = PBXFileReference; fileEncoding = 4; lastKnownFileType = sourcecode.c.objc; path = MRFAlphabetWithRange.m; sourceTree = "<group>"; };
		3F543D261B6814BF00ECA337 /* MRFAlphabetWithStrings.h */ = {isa = PBXFileReference; fileEncoding = 4; lastKnownFileType = sourcecode.c.h; path = MRFAlphabetWithStrings.h; sourceTree = "<group>"; };
		3F543D271B6814BF00ECA337 /* MRFAlphabetWithStrings.m */ = {isa = PBXFileReference; fileEncoding = 4; lastKnownFileType = sourcecode.c.objc; path = MRFAlphabetWithStrings.m; sourceTree = "<group>"; };
		3F543D2B1B68161300ECA337 /* MRFAlphabets.h */ = {isa = PBXFileReference; fileEncoding = 4; lastKnownFileType = sourcecode.c.h; path = MRFAlphabets.h; sourceTree = "<group>"; };
		3F543D2C1B68161300ECA337 /* MRFAlphabets.m */ = {isa = PBXFileReference; fileEncoding = 4; lastKnownFileType = sourcecode.c.objc; path = MRFAlphabets.m; sourceTree = "<group>"; };
		3F543D2E1B6E371B00ECA337 /* IDPStudyPlan */ = {isa = PBXFileReference; lastKnownFileType = text; path = IDPStudyPlan; sourceTree = "<group>"; };
		3F58FC991B10AF8600B0FC4D /* MRFArray.c */ = {isa = PBXFileReference; fileEncoding = 4; lastKnownFileType = sourcecode.c.c; path = MRFArray.c; sourceTree = "<group>"; };
		3F58FC9A1B10AF8600B0FC4D /* MRFArray.h */ = {isa = PBXFileReference; fileEncoding = 4; lastKnownFileType = sourcecode.c.h; path = MRFArray.h; sourceTree = "<group>"; };
		3F58FC9C1B11CBD400B0FC4D /* MRFArrayTests.c */ = {isa = PBXFileReference; fileEncoding = 4; lastKnownFileType = sourcecode.c.c; path = MRFArrayTests.c; sourceTree = "<group>"; };
		3F58FC9D1B11CBD400B0FC4D /* MRFArrayTests.h */ = {isa = PBXFileReference; fileEncoding = 4; lastKnownFileType = sourcecode.c.h; path = MRFArrayTests.h; sourceTree = "<group>"; };
		3F58FCA01B1CE7FA00B0FC4D /* MRFString.c */ = {isa = PBXFileReference; fileEncoding = 4; lastKnownFileType = sourcecode.c.c; path = MRFString.c; sourceTree = "<group>"; };
		3F58FCA11B1CE7FA00B0FC4D /* MRFString.h */ = {isa = PBXFileReference; fileEncoding = 4; lastKnownFileType = sourcecode.c.h; path = MRFString.h; sourceTree = "<group>"; };
		3F58FCA31B1E235200B0FC4D /* MRFStringTests.c */ = {isa = PBXFileReference; fileEncoding = 4; lastKnownFileType = sourcecode.c.c; path = MRFStringTests.c; sourceTree = "<group>"; };
		3F58FCA41B1E235200B0FC4D /* MRFStringTests.h */ = {isa = PBXFileReference; fileEncoding = 4; lastKnownFileType = sourcecode.c.h; path = MRFStringTests.h; sourceTree = "<group>"; };
		3F58FCB81B1F2ABC00B0FC4D /* MRFLinkedListNode.c */ = {isa = PBXFileReference; fileEncoding = 4; lastKnownFileType = sourcecode.c.c; path = MRFLinkedListNode.c; sourceTree = "<group>"; };
		3F58FCB91B1F2ABC00B0FC4D /* MRFLinkedListNode.h */ = {isa = PBXFileReference; fileEncoding = 4; lastKnownFileType = sourcecode.c.h; path = MRFLinkedListNode.h; sourceTree = "<group>"; };
		3F58FCBC1B1F346A00B0FC4D /* MRFLinkedList.c */ = {isa = PBXFileReference; fileEncoding = 4; lastKnownFileType = sourcecode.c.c; path = MRFLinkedList.c; sourceTree = "<group>"; };
		3F58FCBD1B1F346A00B0FC4D /* MRFLinkedList.h */ = {isa = PBXFileReference; fileEncoding = 4; lastKnownFileType = sourcecode.c.h; path = MRFLinkedList.h; sourceTree = "<group>"; };
		3F58FCC31B208C2400B0FC4D /* MRFLinkedListTests.c */ = {isa = PBXFileReference; fileEncoding = 4; lastKnownFileType = sourcecode.c.c; path = MRFLinkedListTests.c; sourceTree = "<group>"; };
		3F58FCC41B208C2400B0FC4D /* MRFLinkedListTests.h */ = {isa = PBXFileReference; fileEncoding = 4; lastKnownFileType = sourcecode.c.h; path = MRFLinkedListTests.h; sourceTree = "<group>"; };
		3F58FCC71B2710B100B0FC4D /* MRFLinkedListEnumerator.c */ = {isa = PBXFileReference; fileEncoding = 4; lastKnownFileType = sourcecode.c.c; path = MRFLinkedListEnumerator.c; sourceTree = "<group>"; };
		3F58FCC81B2710B100B0FC4D /* MRFLinkedListEnumerator.h */ = {isa = PBXFileReference; fileEncoding = 4; lastKnownFileType = sourcecode.c.h; path = MRFLinkedListEnumerator.h; sourceTree = "<group>"; };
		3F58FCCA1B2714DC00B0FC4D /* MRFLinkedListEnumeratorPrivate.h */ = {isa = PBXFileReference; lastKnownFileType = sourcecode.c.h; path = MRFLinkedListEnumeratorPrivate.h; sourceTree = "<group>"; };
		3F58FCCB1B27165500B0FC4D /* MRFLinkedListPrivate.h */ = {isa = PBXFileReference; lastKnownFileType = sourcecode.c.h; path = MRFLinkedListPrivate.h; sourceTree = "<group>"; };
		3F58FCCC1B28419700B0FC4D /* MRFLinkedListNodeTests.c */ = {isa = PBXFileReference; fileEncoding = 4; lastKnownFileType = sourcecode.c.c; path = MRFLinkedListNodeTests.c; sourceTree = "<group>"; };
		3F58FCCD1B28419700B0FC4D /* MRFLinkedListNodeTests.h */ = {isa = PBXFileReference; fileEncoding = 4; lastKnownFileType = sourcecode.c.h; path = MRFLinkedListNodeTests.h; sourceTree = "<group>"; };
		3F58FCD11B285E9500B0FC4D /* MRFAutoReleasingStack.c */ = {isa = PBXFileReference; fileEncoding = 4; lastKnownFileType = sourcecode.c.c; path = MRFAutoReleasingStack.c; sourceTree = "<group>"; };
		3F58FCD21B285E9500B0FC4D /* MRFAutoReleasingStack.h */ = {isa = PBXFileReference; fileEncoding = 4; lastKnownFileType = sourcecode.c.h; path = MRFAutoReleasingStack.h; sourceTree = "<group>"; };
		3F58FCD41B286DC200B0FC4D /* MRFAutoReleasingStackTests.c */ = {isa = PBXFileReference; fileEncoding = 4; lastKnownFileType = sourcecode.c.c; path = MRFAutoReleasingStackTests.c; sourceTree = "<group>"; };
		3F58FCD51B286DC200B0FC4D /* MRFAutoReleasingStackTests.h */ = {isa = PBXFileReference; fileEncoding = 4; lastKnownFileType = sourcecode.c.h; path = MRFAutoReleasingStackTests.h; sourceTree = "<group>"; };
		3F58FCD81B29CE3C00B0FC4D /* MRFAutoReleasePool.c */ = {isa = PBXFileReference; fileEncoding = 4; lastKnownFileType = sourcecode.c.c; path = MRFAutoReleasePool.c; sourceTree = "<group>"; };
		3F58FCD91B29CE3C00B0FC4D /* MRFAutoReleasePool.h */ = {isa = PBXFileReference; fileEncoding = 4; lastKnownFileType = sourcecode.c.h; path = MRFAutoReleasePool.h; sourceTree = "<group>"; };
		3F58FCDB1B3044B800B0FC4D /* MRFAutoReleasePoolTests.c */ = {isa = PBXFileReference; fileEncoding = 4; lastKnownFileType = sourcecode.c.c; path = MRFAutoReleasePoolTests.c; sourceTree = "<group>"; };
		3F58FCDC1B3044B800B0FC4D /* MRFAutoReleasePoolTests.h */ = {isa = PBXFileReference; fileEncoding = 4; lastKnownFileType = sourcecode.c.h; path = MRFAutoReleasePoolTests.h; sourceTree = "<group>"; };
		3FC365491B091B3D00F03B12 /* MRFHumanTests.c */ = {isa = PBXFileReference; fileEncoding = 4; lastKnownFileType = sourcecode.c.c; path = MRFHumanTests.c; sourceTree = "<group>"; };
		3FC3654A1B091B3D00F03B12 /* MRFHumanTests.h */ = {isa = PBXFileReference; fileEncoding = 4; lastKnownFileType = sourcecode.c.h; path = MRFHumanTests.h; sourceTree = "<group>"; };
		3FC3654D1B0A4C4F00F03B12 /* MRFHuman.c */ = {isa = PBXFileReference; lastKnownFileType = sourcecode.c.c; path = MRFHuman.c; sourceTree = "<group>"; };
		3FC3654E1B0A4C4F00F03B12 /* MRFHuman.h */ = {isa = PBXFileReference; lastKnownFileType = sourcecode.c.h; path = MRFHuman.h; sourceTree = "<group>"; };
		3FC365501B0A4CDF00F03B12 /* MRFObject.c */ = {isa = PBXFileReference; fileEncoding = 4; lastKnownFileType = sourcecode.c.c; path = MRFObject.c; sourceTree = "<group>"; };
		3FC365511B0A4CDF00F03B12 /* MRFObject.h */ = {isa = PBXFileReference; fileEncoding = 4; lastKnownFileType = sourcecode.c.h; path = MRFObject.h; sourceTree = "<group>"; };
		3FDBA6D31B026F8300025857 /* MRFHuman */ = {isa = PBXFileReference; explicitFileType = "compiled.mach-o.executable"; includeInIndex = 0; path = MRFHuman; sourceTree = BUILT_PRODUCTS_DIR; };
		3FDBA6D61B026F8300025857 /* main.c */ = {isa = PBXFileReference; lastKnownFileType = sourcecode.c.c; path = main.c; sourceTree = "<group>"; };
		3FFABC581B4EA9040074770C /* MRFBeingTests.xctest */ = {isa = PBXFileReference; explicitFileType = wrapper.cfbundle; includeInIndex = 0; path = MRFBeingTests.xctest; sourceTree = BUILT_PRODUCTS_DIR; };
		3FFABC5B1B4EA9040074770C /* Info.plist */ = {isa = PBXFileReference; lastKnownFileType = text.plist.xml; path = Info.plist; sourceTree = "<group>"; };
		3FFABC5C1B4EA9040074770C /* MRFBeingTests.m */ = {isa = PBXFileReference; lastKnownFileType = sourcecode.c.objc; path = MRFBeingTests.m; sourceTree = "<group>"; };
		3FFABC611B4EAAF10074770C /* MRFBeingTests.h */ = {isa = PBXFileReference; fileEncoding = 4; lastKnownFileType = sourcecode.c.h; path = MRFBeingTests.h; sourceTree = "<group>"; };
		3FFABC621B4EAAF10074770C /* MRFBeingTests.m */ = {isa = PBXFileReference; fileEncoding = 4; lastKnownFileType = sourcecode.c.objc; path = MRFBeingTests.m; sourceTree = "<group>"; };
		3FFABC651B4EB7B20074770C /* MRFMaleBeing.h */ = {isa = PBXFileReference; fileEncoding = 4; lastKnownFileType = sourcecode.c.h; path = MRFMaleBeing.h; sourceTree = "<group>"; };
		3FFABC661B4EB7B20074770C /* MRFMaleBeing.m */ = {isa = PBXFileReference; fileEncoding = 4; lastKnownFileType = sourcecode.c.objc; path = MRFMaleBeing.m; sourceTree = "<group>"; };
		3FFABC691B4EBAE10074770C /* MRFFemaleBeing.h */ = {isa = PBXFileReference; fileEncoding = 4; lastKnownFileType = sourcecode.c.h; path = MRFFemaleBeing.h; sourceTree = "<group>"; };
		3FFABC6A1B4EBAE10074770C /* MRFFemaleBeing.m */ = {isa = PBXFileReference; fileEncoding = 4; lastKnownFileType = sourcecode.c.objc; path = MRFFemaleBeing.m; sourceTree = "<group>"; };
		3FFABC6D1B53BAAF0074770C /* NSObject+MRFObjectExtensions.h */ = {isa = PBXFileReference; fileEncoding = 4; lastKnownFileType = sourcecode.c.h; path = "NSObject+MRFObjectExtensions.h"; sourceTree = "<group>"; };
		3FFABC6E1B53BAAF0074770C /* NSObject+MRFObjectExtensions.m */ = {isa = PBXFileReference; fileEncoding = 4; lastKnownFileType = sourcecode.c.objc; path = "NSObject+MRFObjectExtensions.m"; sourceTree = "<group>"; };
		3FFABC731B53E7E30074770C /* MRFCar.h */ = {isa = PBXFileReference; fileEncoding = 4; lastKnownFileType = sourcecode.c.h; path = MRFCar.h; sourceTree = "<group>"; };
		3FFABC741B53E7E30074770C /* MRFCar.m */ = {isa = PBXFileReference; fileEncoding = 4; lastKnownFileType = sourcecode.c.objc; path = MRFCar.m; sourceTree = "<group>"; };
		3FFABC771B53F1F30074770C /* MRFRoom.h */ = {isa = PBXFileReference; fileEncoding = 4; lastKnownFileType = sourcecode.c.h; path = MRFRoom.h; sourceTree = "<group>"; };
		3FFABC781B53F1F30074770C /* MRFRoom.m */ = {isa = PBXFileReference; fileEncoding = 4; lastKnownFileType = sourcecode.c.objc; path = MRFRoom.m; sourceTree = "<group>"; };
		3FFABC7B1B53FA070074770C /* MRFCarwashRoom.h */ = {isa = PBXFileReference; fileEncoding = 4; lastKnownFileType = sourcecode.c.h; path = MRFCarwashRoom.h; sourceTree = "<group>"; };
		3FFABC7C1B53FA070074770C /* MRFCarwashRoom.m */ = {isa = PBXFileReference; fileEncoding = 4; lastKnownFileType = sourcecode.c.objc; path = MRFCarwashRoom.m; sourceTree = "<group>"; };
		3FFABC801B540A340074770C /* MRFBuilding.h */ = {isa = PBXFileReference; fileEncoding = 4; lastKnownFileType = sourcecode.c.h; path = MRFBuilding.h; sourceTree = "<group>"; };
		3FFABC811B540A340074770C /* MRFBuilding.m */ = {isa = PBXFileReference; fileEncoding = 4; lastKnownFileType = sourcecode.c.objc; path = MRFBuilding.m; sourceTree = "<group>"; };
		3FFABC851B5414BD0074770C /* MRFEmployee.h */ = {isa = PBXFileReference; fileEncoding = 4; lastKnownFileType = sourcecode.c.h; path = MRFEmployee.h; sourceTree = "<group>"; };
		3FFABC861B5414BD0074770C /* MRFEmployee.m */ = {isa = PBXFileReference; fileEncoding = 4; lastKnownFileType = sourcecode.c.objc; path = MRFEmployee.m; sourceTree = "<group>"; };
		3FFABC891B5421950074770C /* MRFEmployeeWasher.h */ = {isa = PBXFileReference; fileEncoding = 4; lastKnownFileType = sourcecode.c.h; path = MRFEmployeeWasher.h; sourceTree = "<group>"; };
		3FFABC8A1B5421950074770C /* MRFEmployeeWasher.m */ = {isa = PBXFileReference; fileEncoding = 4; lastKnownFileType = sourcecode.c.objc; path = MRFEmployeeWasher.m; sourceTree = "<group>"; };
/* End PBXFileReference section */

/* Begin PBXFrameworksBuildPhase section */
		3F15A1761B4AA242002011BF /* Frameworks */ = {
			isa = PBXFrameworksBuildPhase;
			buildActionMask = 2147483647;
			files = (
			);
			runOnlyForDeploymentPostprocessing = 0;
		};
		3FDBA6D01B026F8300025857 /* Frameworks */ = {
			isa = PBXFrameworksBuildPhase;
			buildActionMask = 2147483647;
			files = (
			);
			runOnlyForDeploymentPostprocessing = 0;
		};
		3FFABC551B4EA9040074770C /* Frameworks */ = {
			isa = PBXFrameworksBuildPhase;
			buildActionMask = 2147483647;
			files = (
			);
			runOnlyForDeploymentPostprocessing = 0;
		};
/* End PBXFrameworksBuildPhase section */

/* Begin PBXGroup section */
		3F15A17A1B4AA242002011BF /* MRFObjCHomework */ = {
			isa = PBXGroup;
			children = (
				3F15A1801B4AA28A002011BF /* Source */,
				3F15A17B1B4AA242002011BF /* main.m */,
				3F15A1811B4AA2A2002011BF /* Tests */,
			);
			path = MRFObjCHomework;
			sourceTree = "<group>";
		};
		3F15A1801B4AA28A002011BF /* Source */ = {
			isa = PBXGroup;
			children = (
				3F543D091B5EF1EB00ECA337 /* MRFAlphabet */,
				3F543D011B5D760E00ECA337 /* NSStringExtensions */,
				3FFABC701B53E5B00074770C /* MRFCarwash */,
				3FFABC6C1B53B9F60074770C /* MRFObjectExtensions */,
				3FFABC681B4EBAC30074770C /* MRFFemaleBeing */,
				3FFABC641B4EB7740074770C /* MRFMaleBeing */,
				3F15A1821B4AAE69002011BF /* MRFBeing */,
			);
			path = Source;
			sourceTree = "<group>";
		};
		3F15A1811B4AA2A2002011BF /* Tests */ = {
			isa = PBXGroup;
			children = (
				3F543D051B5D8B4D00ECA337 /* NSStringExtensions */,
				3FFABC711B53E5D60074770C /* MRFCarwash */,
				3FFABC611B4EAAF10074770C /* MRFBeingTests.h */,
				3FFABC621B4EAAF10074770C /* MRFBeingTests.m */,
			);
			path = Tests;
			sourceTree = "<group>";
		};
		3F15A1821B4AAE69002011BF /* MRFBeing */ = {
			isa = PBXGroup;
			children = (
				3F15A1831B4AAE92002011BF /* MRFBeing.h */,
				3F15A1841B4AAE92002011BF /* MRFBeing.m */,
			);
			path = MRFBeing;
			sourceTree = "<group>";
		};
		3F543CF81B5697CB00ECA337 /* MRFCarwashEnterprise */ = {
			isa = PBXGroup;
			children = (
				3F543CF91B56980300ECA337 /* MRFCarwashEnterprise.h */,
				3F543CFA1B56980300ECA337 /* MRFCarwashEnterprise.m */,
			);
			path = MRFCarwashEnterprise;
			sourceTree = "<group>";
		};
		3F543CFC1B5D51BE00ECA337 /* MRFMoneyFlow */ = {
			isa = PBXGroup;
			children = (
				3F543D001B5D52CF00ECA337 /* MRFMoneyFlow.h */,
			);
			path = MRFMoneyFlow;
			sourceTree = "<group>";
		};
		3F543D011B5D760E00ECA337 /* NSStringExtensions */ = {
			isa = PBXGroup;
			children = (
				3F543D021B5D7C2D00ECA337 /* NSString+MRFNStringExtensions.h */,
				3F543D031B5D7C2D00ECA337 /* NSString+MRFNStringExtensions.m */,
			);
			path = NSStringExtensions;
			sourceTree = "<group>";
		};
		3F543D051B5D8B4D00ECA337 /* NSStringExtensions */ = {
			isa = PBXGroup;
			children = (
				3F543D061B5D8B6400ECA337 /* NSStringExtensionsTests.h */,
				3F543D071B5D8B6400ECA337 /* NSStringExtensionsTests.m */,
			);
			path = NSStringExtensions;
			sourceTree = "<group>";
		};
		3F543D091B5EF1EB00ECA337 /* MRFAlphabet */ = {
			isa = PBXGroup;
			children = (
				3F543D1E1B6814BF00ECA337 /* Private */,
				3F543D0A1B5EF20700ECA337 /* MRFAlphabet.h */,
				3F543D0B1B5EF20700ECA337 /* MRFAlphabet.m */,
				3F543D2B1B68161300ECA337 /* MRFAlphabets.h */,
				3F543D2C1B68161300ECA337 /* MRFAlphabets.m */,
			);
			path = MRFAlphabet;
			sourceTree = "<group>";
		};
		3F543D1E1B6814BF00ECA337 /* Private */ = {
			isa = PBXGroup;
			children = (
				3F543D1F1B6814BF00ECA337 /* MRFAlphabetFromString */,
				3F543D221B6814BF00ECA337 /* MRFAlphabetWithRange */,
				3F543D251B6814BF00ECA337 /* MRFAlphabetWithStrings */,
			);
			path = Private;
			sourceTree = "<group>";
		};
		3F543D1F1B6814BF00ECA337 /* MRFAlphabetFromString */ = {
			isa = PBXGroup;
			children = (
				3F543D201B6814BF00ECA337 /* MRFAlphabetFromString.h */,
				3F543D211B6814BF00ECA337 /* MRFAlphabetFromString.m */,
			);
			path = MRFAlphabetFromString;
			sourceTree = "<group>";
		};
		3F543D221B6814BF00ECA337 /* MRFAlphabetWithRange */ = {
			isa = PBXGroup;
			children = (
				3F543D231B6814BF00ECA337 /* MRFAlphabetWithRange.h */,
				3F543D241B6814BF00ECA337 /* MRFAlphabetWithRange.m */,
			);
			path = MRFAlphabetWithRange;
			sourceTree = "<group>";
		};
		3F543D251B6814BF00ECA337 /* MRFAlphabetWithStrings */ = {
			isa = PBXGroup;
			children = (
				3F543D261B6814BF00ECA337 /* MRFAlphabetWithStrings.h */,
				3F543D271B6814BF00ECA337 /* MRFAlphabetWithStrings.m */,
			);
			path = MRFAlphabetWithStrings;
			sourceTree = "<group>";
		};
		3F58FC981B10AF7600B0FC4D /* MRFArray */ = {
			isa = PBXGroup;
			children = (
				3F58FC991B10AF8600B0FC4D /* MRFArray.c */,
				3F58FC9A1B10AF8600B0FC4D /* MRFArray.h */,
			);
			path = MRFArray;
			sourceTree = "<group>";
		};
		3F58FC9F1B1CE7EB00B0FC4D /* MRFString */ = {
			isa = PBXGroup;
			children = (
				3F58FCA01B1CE7FA00B0FC4D /* MRFString.c */,
				3F58FCA11B1CE7FA00B0FC4D /* MRFString.h */,
			);
			path = MRFString;
			sourceTree = "<group>";
		};
		3F58FCB71B1F2A9400B0FC4D /* MRFLinkedListNode */ = {
			isa = PBXGroup;
			children = (
				3F58FCB81B1F2ABC00B0FC4D /* MRFLinkedListNode.c */,
				3F58FCB91B1F2ABC00B0FC4D /* MRFLinkedListNode.h */,
			);
			path = MRFLinkedListNode;
			sourceTree = "<group>";
		};
		3F58FCC21B2072D900B0FC4D /* MRFLinkedList */ = {
			isa = PBXGroup;
			children = (
				3F58FCC61B27108B00B0FC4D /* MRFLinkedListEnumerator */,
				3F58FCB71B1F2A9400B0FC4D /* MRFLinkedListNode */,
				3F58FCBC1B1F346A00B0FC4D /* MRFLinkedList.c */,
				3F58FCBD1B1F346A00B0FC4D /* MRFLinkedList.h */,
				3F58FCCB1B27165500B0FC4D /* MRFLinkedListPrivate.h */,
			);
			path = MRFLinkedList;
			sourceTree = "<group>";
		};
		3F58FCC61B27108B00B0FC4D /* MRFLinkedListEnumerator */ = {
			isa = PBXGroup;
			children = (
				3F58FCC71B2710B100B0FC4D /* MRFLinkedListEnumerator.c */,
				3F58FCC81B2710B100B0FC4D /* MRFLinkedListEnumerator.h */,
				3F58FCCA1B2714DC00B0FC4D /* MRFLinkedListEnumeratorPrivate.h */,
			);
			path = MRFLinkedListEnumerator;
			sourceTree = "<group>";
		};
		3F58FCD01B285E5300B0FC4D /* MRFAutoReleasingStack */ = {
			isa = PBXGroup;
			children = (
				3F58FCD11B285E9500B0FC4D /* MRFAutoReleasingStack.c */,
				3F58FCD21B285E9500B0FC4D /* MRFAutoReleasingStack.h */,
			);
			path = MRFAutoReleasingStack;
			sourceTree = "<group>";
		};
		3F58FCD71B29CE0100B0FC4D /* MRFAutoReleasePool */ = {
			isa = PBXGroup;
			children = (
				3F58FCD81B29CE3C00B0FC4D /* MRFAutoReleasePool.c */,
				3F58FCD91B29CE3C00B0FC4D /* MRFAutoReleasePool.h */,
			);
			path = MRFAutoReleasePool;
			sourceTree = "<group>";
		};
		3FC3654C1B0A4C4F00F03B12 /* MRFHuman */ = {
			isa = PBXGroup;
			children = (
				3FC3654E1B0A4C4F00F03B12 /* MRFHuman.h */,
				3FC3654D1B0A4C4F00F03B12 /* MRFHuman.c */,
			);
			path = MRFHuman;
			sourceTree = "<group>";
		};
		3FC3654F1B0A4C9000F03B12 /* MRFObject */ = {
			isa = PBXGroup;
			children = (
				3FC365501B0A4CDF00F03B12 /* MRFObject.c */,
				3FC365511B0A4CDF00F03B12 /* MRFObject.h */,
			);
			path = MRFObject;
			sourceTree = "<group>";
		};
		3FDBA6CA1B026F8300025857 = {
			isa = PBXGroup;
			children = (
				3F543D2E1B6E371B00ECA337 /* IDPStudyPlan */,
				3FDBA6D51B026F8300025857 /* MRFHuman */,
				3F15A17A1B4AA242002011BF /* MRFObjCHomework */,
				3FFABC591B4EA9040074770C /* MRFBeingTests */,
				3FDBA6D41B026F8300025857 /* Products */,
			);
			sourceTree = "<group>";
		};
		3FDBA6D41B026F8300025857 /* Products */ = {
			isa = PBXGroup;
			children = (
				3FDBA6D31B026F8300025857 /* MRFHuman */,
				3F15A1791B4AA242002011BF /* MRFObjCHomework */,
				3FFABC581B4EA9040074770C /* MRFBeingTests.xctest */,
			);
			name = Products;
			sourceTree = "<group>";
		};
		3FDBA6D51B026F8300025857 /* MRFHuman */ = {
			isa = PBXGroup;
			children = (
				3FDBA6DD1B0270A300025857 /* Source */,
				3FDBA6DE1B0270A300025857 /* Tests */,
			);
			path = MRFHuman;
			sourceTree = "<group>";
		};
		3FDBA6DD1B0270A300025857 /* Source */ = {
			isa = PBXGroup;
			children = (
				3F58FCD71B29CE0100B0FC4D /* MRFAutoReleasePool */,
				3F58FCD01B285E5300B0FC4D /* MRFAutoReleasingStack */,
				3F58FCC21B2072D900B0FC4D /* MRFLinkedList */,
				3F58FC9F1B1CE7EB00B0FC4D /* MRFString */,
				3F58FC981B10AF7600B0FC4D /* MRFArray */,
				3FC3654C1B0A4C4F00F03B12 /* MRFHuman */,
				3FC3654F1B0A4C9000F03B12 /* MRFObject */,
				3FDBA6D61B026F8300025857 /* main.c */,
			);
			path = Source;
			sourceTree = "<group>";
		};
		3FDBA6DE1B0270A300025857 /* Tests */ = {
			isa = PBXGroup;
			children = (
				3F58FCA31B1E235200B0FC4D /* MRFStringTests.c */,
				3F58FCA41B1E235200B0FC4D /* MRFStringTests.h */,
				3F58FC9C1B11CBD400B0FC4D /* MRFArrayTests.c */,
				3F58FC9D1B11CBD400B0FC4D /* MRFArrayTests.h */,
				3FC365491B091B3D00F03B12 /* MRFHumanTests.c */,
				3FC3654A1B091B3D00F03B12 /* MRFHumanTests.h */,
				3F58FCC31B208C2400B0FC4D /* MRFLinkedListTests.c */,
				3F58FCC41B208C2400B0FC4D /* MRFLinkedListTests.h */,
				3F58FCCC1B28419700B0FC4D /* MRFLinkedListNodeTests.c */,
				3F58FCCD1B28419700B0FC4D /* MRFLinkedListNodeTests.h */,
				3F58FCD41B286DC200B0FC4D /* MRFAutoReleasingStackTests.c */,
				3F58FCD51B286DC200B0FC4D /* MRFAutoReleasingStackTests.h */,
				3F58FCDB1B3044B800B0FC4D /* MRFAutoReleasePoolTests.c */,
				3F58FCDC1B3044B800B0FC4D /* MRFAutoReleasePoolTests.h */,
			);
			path = Tests;
			sourceTree = "<group>";
		};
		3FFABC591B4EA9040074770C /* MRFBeingTests */ = {
			isa = PBXGroup;
			children = (
				3FFABC5C1B4EA9040074770C /* MRFBeingTests.m */,
				3FFABC5A1B4EA9040074770C /* Supporting Files */,
			);
			path = MRFBeingTests;
			sourceTree = "<group>";
		};
		3FFABC5A1B4EA9040074770C /* Supporting Files */ = {
			isa = PBXGroup;
			children = (
				3FFABC5B1B4EA9040074770C /* Info.plist */,
			);
			name = "Supporting Files";
			sourceTree = "<group>";
		};
		3FFABC641B4EB7740074770C /* MRFMaleBeing */ = {
			isa = PBXGroup;
			children = (
				3FFABC651B4EB7B20074770C /* MRFMaleBeing.h */,
				3FFABC661B4EB7B20074770C /* MRFMaleBeing.m */,
			);
			path = MRFMaleBeing;
			sourceTree = "<group>";
		};
		3FFABC681B4EBAC30074770C /* MRFFemaleBeing */ = {
			isa = PBXGroup;
			children = (
				3FFABC691B4EBAE10074770C /* MRFFemaleBeing.h */,
				3FFABC6A1B4EBAE10074770C /* MRFFemaleBeing.m */,
			);
			path = MRFFemaleBeing;
			sourceTree = "<group>";
		};
		3FFABC6C1B53B9F60074770C /* MRFObjectExtensions */ = {
			isa = PBXGroup;
			children = (
				3FFABC6D1B53BAAF0074770C /* NSObject+MRFObjectExtensions.h */,
				3FFABC6E1B53BAAF0074770C /* NSObject+MRFObjectExtensions.m */,
			);
			path = MRFObjectExtensions;
			sourceTree = "<group>";
		};
		3FFABC701B53E5B00074770C /* MRFCarwash */ = {
			isa = PBXGroup;
			children = (
				3F543CFC1B5D51BE00ECA337 /* MRFMoneyFlow */,
				3F543CF81B5697CB00ECA337 /* MRFCarwashEnterprise */,
				3FFABC881B5421640074770C /* MRFEmployeeWasher */,
				3FFABC841B5414A00074770C /* MRFEmployee */,
				3FFABC7F1B5409F50074770C /* MRFBuilding */,
				3FFABC7A1B53F9E10074770C /* MRFCarwashRoom */,
				3FFABC761B53F14E0074770C /* MRFRoom */,
				3FFABC721B53E5E90074770C /* MRFCar */,
			);
			path = MRFCarwash;
			sourceTree = "<group>";
		};
		3FFABC711B53E5D60074770C /* MRFCarwash */ = {
			isa = PBXGroup;
			children = (
			);
			path = MRFCarwash;
			sourceTree = "<group>";
		};
		3FFABC721B53E5E90074770C /* MRFCar */ = {
			isa = PBXGroup;
			children = (
				3FFABC731B53E7E30074770C /* MRFCar.h */,
				3FFABC741B53E7E30074770C /* MRFCar.m */,
			);
			path = MRFCar;
			sourceTree = "<group>";
		};
		3FFABC761B53F14E0074770C /* MRFRoom */ = {
			isa = PBXGroup;
			children = (
				3FFABC771B53F1F30074770C /* MRFRoom.h */,
				3FFABC781B53F1F30074770C /* MRFRoom.m */,
			);
			path = MRFRoom;
			sourceTree = "<group>";
		};
		3FFABC7A1B53F9E10074770C /* MRFCarwashRoom */ = {
			isa = PBXGroup;
			children = (
				3FFABC7B1B53FA070074770C /* MRFCarwashRoom.h */,
				3FFABC7C1B53FA070074770C /* MRFCarwashRoom.m */,
			);
			path = MRFCarwashRoom;
			sourceTree = "<group>";
		};
		3FFABC7F1B5409F50074770C /* MRFBuilding */ = {
			isa = PBXGroup;
			children = (
				3FFABC801B540A340074770C /* MRFBuilding.h */,
				3FFABC811B540A340074770C /* MRFBuilding.m */,
			);
			path = MRFBuilding;
			sourceTree = "<group>";
		};
		3FFABC841B5414A00074770C /* MRFEmployee */ = {
			isa = PBXGroup;
			children = (
				3FFABC851B5414BD0074770C /* MRFEmployee.h */,
				3FFABC861B5414BD0074770C /* MRFEmployee.m */,
			);
			path = MRFEmployee;
			sourceTree = "<group>";
		};
		3FFABC881B5421640074770C /* MRFEmployeeWasher */ = {
			isa = PBXGroup;
			children = (
				3FFABC891B5421950074770C /* MRFEmployeeWasher.h */,
				3FFABC8A1B5421950074770C /* MRFEmployeeWasher.m */,
			);
			path = MRFEmployeeWasher;
			sourceTree = "<group>";
		};
/* End PBXGroup section */

/* Begin PBXNativeTarget section */
		3F15A1781B4AA242002011BF /* MRFObjCHomework */ = {
			isa = PBXNativeTarget;
			buildConfigurationList = 3F15A17D1B4AA242002011BF /* Build configuration list for PBXNativeTarget "MRFObjCHomework" */;
			buildPhases = (
				3F15A1751B4AA242002011BF /* Sources */,
				3F15A1761B4AA242002011BF /* Frameworks */,
				3F15A1771B4AA242002011BF /* CopyFiles */,
			);
			buildRules = (
			);
			dependencies = (
			);
			name = MRFObjCHomework;
			productName = MRFObjCHomework;
			productReference = 3F15A1791B4AA242002011BF /* MRFObjCHomework */;
			productType = "com.apple.product-type.tool";
		};
		3FDBA6D21B026F8300025857 /* MRFHuman */ = {
			isa = PBXNativeTarget;
			buildConfigurationList = 3FDBA6DA1B026F8300025857 /* Build configuration list for PBXNativeTarget "MRFHuman" */;
			buildPhases = (
				3FDBA6CF1B026F8300025857 /* Sources */,
				3FDBA6D01B026F8300025857 /* Frameworks */,
				3FDBA6D11B026F8300025857 /* CopyFiles */,
			);
			buildRules = (
			);
			dependencies = (
			);
			name = MRFHuman;
			productName = MRFHuman;
			productReference = 3FDBA6D31B026F8300025857 /* MRFHuman */;
			productType = "com.apple.product-type.tool";
		};
		3FFABC571B4EA9040074770C /* MRFBeingTests */ = {
			isa = PBXNativeTarget;
			buildConfigurationList = 3FFABC5E1B4EA9040074770C /* Build configuration list for PBXNativeTarget "MRFBeingTests" */;
			buildPhases = (
				3FFABC541B4EA9040074770C /* Sources */,
				3FFABC551B4EA9040074770C /* Frameworks */,
				3FFABC561B4EA9040074770C /* Resources */,
			);
			buildRules = (
			);
			dependencies = (
			);
			name = MRFBeingTests;
			productName = MRFBeingTests;
			productReference = 3FFABC581B4EA9040074770C /* MRFBeingTests.xctest */;
			productType = "com.apple.product-type.bundle.unit-test";
		};
/* End PBXNativeTarget section */

/* Begin PBXProject section */
		3FDBA6CB1B026F8300025857 /* Project object */ = {
			isa = PBXProject;
			attributes = {
				LastUpgradeCheck = 0630;
				ORGANIZATIONNAME = "Yurii Mamurko";
				TargetAttributes = {
					3F15A1781B4AA242002011BF = {
						CreatedOnToolsVersion = 6.4;
					};
					3FDBA6D21B026F8300025857 = {
						CreatedOnToolsVersion = 6.3.1;
					};
					3FFABC571B4EA9040074770C = {
						CreatedOnToolsVersion = 6.4;
					};
				};
			};
			buildConfigurationList = 3FDBA6CE1B026F8300025857 /* Build configuration list for PBXProject "MRFHuman" */;
			compatibilityVersion = "Xcode 3.2";
			developmentRegion = English;
			hasScannedForEncodings = 0;
			knownRegions = (
				en,
			);
			mainGroup = 3FDBA6CA1B026F8300025857;
			productRefGroup = 3FDBA6D41B026F8300025857 /* Products */;
			projectDirPath = "";
			projectRoot = "";
			targets = (
				3FDBA6D21B026F8300025857 /* MRFHuman */,
				3F15A1781B4AA242002011BF /* MRFObjCHomework */,
				3FFABC571B4EA9040074770C /* MRFBeingTests */,
			);
		};
/* End PBXProject section */

/* Begin PBXResourcesBuildPhase section */
		3FFABC561B4EA9040074770C /* Resources */ = {
			isa = PBXResourcesBuildPhase;
			buildActionMask = 2147483647;
			files = (
			);
			runOnlyForDeploymentPostprocessing = 0;
		};
/* End PBXResourcesBuildPhase section */

/* Begin PBXSourcesBuildPhase section */
		3F15A1751B4AA242002011BF /* Sources */ = {
			isa = PBXSourcesBuildPhase;
			buildActionMask = 2147483647;
			files = (
				3F543D081B5D8B6400ECA337 /* NSStringExtensionsTests.m in Sources */,
				3F543CFB1B56980300ECA337 /* MRFCarwashEnterprise.m in Sources */,
				3F543D2D1B68161300ECA337 /* MRFAlphabets.m in Sources */,
				3FFABC7D1B53FA070074770C /* MRFCarwashRoom.m in Sources */,
				3FFABC8B1B5421950074770C /* MRFEmployeeWasher.m in Sources */,
				3FFABC821B540A340074770C /* MRFBuilding.m in Sources */,
				3FFABC6F1B53BAAF0074770C /* NSObject+MRFObjectExtensions.m in Sources */,
				3FFABC871B5414BD0074770C /* MRFEmployee.m in Sources */,
				3F15A17C1B4AA242002011BF /* main.m in Sources */,
				3F15A1851B4AAE92002011BF /* MRFBeing.m in Sources */,
				3FFABC671B4EB7B20074770C /* MRFMaleBeing.m in Sources */,
				3F543D2A1B6814BF00ECA337 /* MRFAlphabetWithStrings.m in Sources */,
				3FFABC631B4EAAF10074770C /* MRFBeingTests.m in Sources */,
				3FFABC6B1B4EBAE10074770C /* MRFFemaleBeing.m in Sources */,
				3F543D291B6814BF00ECA337 /* MRFAlphabetWithRange.m in Sources */,
				3F543D281B6814BF00ECA337 /* MRFAlphabetFromString.m in Sources */,
				3FFABC791B53F1F30074770C /* MRFRoom.m in Sources */,
				3FFABC751B53E7E30074770C /* MRFCar.m in Sources */,
				3F543D0C1B5EF20700ECA337 /* MRFAlphabet.m in Sources */,
				3F543D041B5D7C2D00ECA337 /* NSString+MRFNStringExtensions.m in Sources */,
			);
			runOnlyForDeploymentPostprocessing = 0;
		};
		3FDBA6CF1B026F8300025857 /* Sources */ = {
			isa = PBXSourcesBuildPhase;
			buildActionMask = 2147483647;
			files = (
				3F58FCA51B1E235200B0FC4D /* MRFStringTests.c in Sources */,
				3F58FCDD1B3044B800B0FC4D /* MRFAutoReleasePoolTests.c in Sources */,
				3FDBA6D71B026F8300025857 /* main.c in Sources */,
				3F58FC9E1B11CBD400B0FC4D /* MRFArrayTests.c in Sources */,
				3F58FCA21B1CE7FA00B0FC4D /* MRFString.c in Sources */,
				3F58FCC91B2710B100B0FC4D /* MRFLinkedListEnumerator.c in Sources */,
				3FC365531B0A536300F03B12 /* MRFHuman.c in Sources */,
				3F58FC9B1B10AF8600B0FC4D /* MRFArray.c in Sources */,
				3F58FCC51B208C2400B0FC4D /* MRFLinkedListTests.c in Sources */,
				3F58FCC11B20724500B0FC4D /* MRFLinkedListNode.c in Sources */,
				3F58FCD61B286DC200B0FC4D /* MRFAutoReleasingStackTests.c in Sources */,
				3F58FCD31B285E9500B0FC4D /* MRFAutoReleasingStack.c in Sources */,
				3F58FCC01B20723F00B0FC4D /* MRFLinkedList.c in Sources */,
				3FC365521B0A4CDF00F03B12 /* MRFObject.c in Sources */,
				3F58FCCE1B28419700B0FC4D /* MRFLinkedListNodeTests.c in Sources */,
				3F58FCDA1B29CE3C00B0FC4D /* MRFAutoReleasePool.c in Sources */,
				3FC3654B1B091B3D00F03B12 /* MRFHumanTests.c in Sources */,
			);
			runOnlyForDeploymentPostprocessing = 0;
		};
		3FFABC541B4EA9040074770C /* Sources */ = {
			isa = PBXSourcesBuildPhase;
			buildActionMask = 2147483647;
			files = (
				3FFABC5D1B4EA9040074770C /* MRFBeingTests.m in Sources */,
			);
			runOnlyForDeploymentPostprocessing = 0;
		};
/* End PBXSourcesBuildPhase section */

/* Begin XCBuildConfiguration section */
		3F15A17E1B4AA242002011BF /* Debug */ = {
			isa = XCBuildConfiguration;
			buildSettings = {
				CLANG_ENABLE_OBJC_ARC = NO;
				GCC_PREPROCESSOR_DEFINITIONS = (
					"DEBUG=1",
					"$(inherited)",
				);
				PRODUCT_NAME = "$(TARGET_NAME)";
			};
			name = Debug;
		};
		3F15A17F1B4AA242002011BF /* Release */ = {
			isa = XCBuildConfiguration;
			buildSettings = {
				CLANG_ENABLE_OBJC_ARC = NO;
				PRODUCT_NAME = "$(TARGET_NAME)";
			};
			name = Release;
		};
		3FDBA6D81B026F8300025857 /* Debug */ = {
			isa = XCBuildConfiguration;
			buildSettings = {
				ALWAYS_SEARCH_USER_PATHS = NO;
				CLANG_CXX_LANGUAGE_STANDARD = "gnu++0x";
				CLANG_CXX_LIBRARY = "libc++";
				CLANG_ENABLE_MODULES = YES;
				CLANG_ENABLE_OBJC_ARC = YES;
				CLANG_WARN_BOOL_CONVERSION = YES;
				CLANG_WARN_CONSTANT_CONVERSION = YES;
				CLANG_WARN_DIRECT_OBJC_ISA_USAGE = YES_ERROR;
				CLANG_WARN_EMPTY_BODY = YES;
				CLANG_WARN_ENUM_CONVERSION = YES;
				CLANG_WARN_INT_CONVERSION = YES;
				CLANG_WARN_OBJC_ROOT_CLASS = YES_ERROR;
				CLANG_WARN_UNREACHABLE_CODE = YES;
				CLANG_WARN__DUPLICATE_METHOD_MATCH = YES;
				COPY_PHASE_STRIP = NO;
				DEBUG_INFORMATION_FORMAT = dwarf;
				ENABLE_STRICT_OBJC_MSGSEND = YES;
				GCC_C_LANGUAGE_STANDARD = gnu99;
				GCC_DYNAMIC_NO_PIC = NO;
				GCC_NO_COMMON_BLOCKS = YES;
				GCC_OPTIMIZATION_LEVEL = 0;
				GCC_PREPROCESSOR_DEFINITIONS = (
					"DEBUG=1",
					"$(inherited)",
				);
				GCC_SYMBOLS_PRIVATE_EXTERN = NO;
				GCC_WARN_64_TO_32_BIT_CONVERSION = YES;
				GCC_WARN_ABOUT_RETURN_TYPE = YES_ERROR;
				GCC_WARN_UNDECLARED_SELECTOR = YES;
				GCC_WARN_UNINITIALIZED_AUTOS = YES_AGGRESSIVE;
				GCC_WARN_UNUSED_FUNCTION = YES;
				GCC_WARN_UNUSED_VARIABLE = YES;
				MACOSX_DEPLOYMENT_TARGET = 10.10;
				MTL_ENABLE_DEBUG_INFO = YES;
				ONLY_ACTIVE_ARCH = YES;
				SDKROOT = macosx;
			};
			name = Debug;
		};
		3FDBA6D91B026F8300025857 /* Release */ = {
			isa = XCBuildConfiguration;
			buildSettings = {
				ALWAYS_SEARCH_USER_PATHS = NO;
				CLANG_CXX_LANGUAGE_STANDARD = "gnu++0x";
				CLANG_CXX_LIBRARY = "libc++";
				CLANG_ENABLE_MODULES = YES;
				CLANG_ENABLE_OBJC_ARC = YES;
				CLANG_WARN_BOOL_CONVERSION = YES;
				CLANG_WARN_CONSTANT_CONVERSION = YES;
				CLANG_WARN_DIRECT_OBJC_ISA_USAGE = YES_ERROR;
				CLANG_WARN_EMPTY_BODY = YES;
				CLANG_WARN_ENUM_CONVERSION = YES;
				CLANG_WARN_INT_CONVERSION = YES;
				CLANG_WARN_OBJC_ROOT_CLASS = YES_ERROR;
				CLANG_WARN_UNREACHABLE_CODE = YES;
				CLANG_WARN__DUPLICATE_METHOD_MATCH = YES;
				COPY_PHASE_STRIP = NO;
				DEBUG_INFORMATION_FORMAT = "dwarf-with-dsym";
				ENABLE_NS_ASSERTIONS = NO;
				ENABLE_STRICT_OBJC_MSGSEND = YES;
				GCC_C_LANGUAGE_STANDARD = gnu99;
				GCC_NO_COMMON_BLOCKS = YES;
				GCC_WARN_64_TO_32_BIT_CONVERSION = YES;
				GCC_WARN_ABOUT_RETURN_TYPE = YES_ERROR;
				GCC_WARN_UNDECLARED_SELECTOR = YES;
				GCC_WARN_UNINITIALIZED_AUTOS = YES_AGGRESSIVE;
				GCC_WARN_UNUSED_FUNCTION = YES;
				GCC_WARN_UNUSED_VARIABLE = YES;
				MACOSX_DEPLOYMENT_TARGET = 10.10;
				MTL_ENABLE_DEBUG_INFO = NO;
				SDKROOT = macosx;
			};
			name = Release;
		};
		3FDBA6DB1B026F8300025857 /* Debug */ = {
			isa = XCBuildConfiguration;
			buildSettings = {
				PRODUCT_NAME = "$(TARGET_NAME)";
			};
			name = Debug;
		};
		3FDBA6DC1B026F8300025857 /* Release */ = {
			isa = XCBuildConfiguration;
			buildSettings = {
				PRODUCT_NAME = "$(TARGET_NAME)";
			};
			name = Release;
		};
		3FFABC5F1B4EA9040074770C /* Debug */ = {
			isa = XCBuildConfiguration;
			buildSettings = {
				CLANG_ENABLE_OBJC_ARC = NO;
				COMBINE_HIDPI_IMAGES = YES;
				FRAMEWORK_SEARCH_PATHS = (
					"$(DEVELOPER_FRAMEWORKS_DIR)",
					"$(inherited)",
				);
				GCC_PREPROCESSOR_DEFINITIONS = (
					"DEBUG=1",
					"$(inherited)",
				);
				INFOPLIST_FILE = MRFBeingTests/Info.plist;
				LD_RUNPATH_SEARCH_PATHS = "$(inherited) @executable_path/../Frameworks @loader_path/../Frameworks";
				PRODUCT_NAME = "$(TARGET_NAME)";
			};
			name = Debug;
		};
		3FFABC601B4EA9040074770C /* Release */ = {
			isa = XCBuildConfiguration;
			buildSettings = {
				CLANG_ENABLE_OBJC_ARC = NO;
				COMBINE_HIDPI_IMAGES = YES;
				FRAMEWORK_SEARCH_PATHS = (
					"$(DEVELOPER_FRAMEWORKS_DIR)",
					"$(inherited)",
				);
				INFOPLIST_FILE = MRFBeingTests/Info.plist;
				LD_RUNPATH_SEARCH_PATHS = "$(inherited) @executable_path/../Frameworks @loader_path/../Frameworks";
				PRODUCT_NAME = "$(TARGET_NAME)";
			};
			name = Release;
		};
/* End XCBuildConfiguration section */

/* Begin XCConfigurationList section */
		3F15A17D1B4AA242002011BF /* Build configuration list for PBXNativeTarget "MRFObjCHomework" */ = {
			isa = XCConfigurationList;
			buildConfigurations = (
				3F15A17E1B4AA242002011BF /* Debug */,
				3F15A17F1B4AA242002011BF /* Release */,
			);
			defaultConfigurationIsVisible = 0;
			defaultConfigurationName = Release;
		};
		3FDBA6CE1B026F8300025857 /* Build configuration list for PBXProject "MRFHuman" */ = {
			isa = XCConfigurationList;
			buildConfigurations = (
				3FDBA6D81B026F8300025857 /* Debug */,
				3FDBA6D91B026F8300025857 /* Release */,
			);
			defaultConfigurationIsVisible = 0;
			defaultConfigurationName = Release;
		};
		3FDBA6DA1B026F8300025857 /* Build configuration list for PBXNativeTarget "MRFHuman" */ = {
			isa = XCConfigurationList;
			buildConfigurations = (
				3FDBA6DB1B026F8300025857 /* Debug */,
				3FDBA6DC1B026F8300025857 /* Release */,
			);
			defaultConfigurationIsVisible = 0;
			defaultConfigurationName = Release;
		};
		3FFABC5E1B4EA9040074770C /* Build configuration list for PBXNativeTarget "MRFBeingTests" */ = {
			isa = XCConfigurationList;
			buildConfigurations = (
				3FFABC5F1B4EA9040074770C /* Debug */,
				3FFABC601B4EA9040074770C /* Release */,
			);
			defaultConfigurationIsVisible = 0;
			defaultConfigurationName = Release;
		};
/* End XCConfigurationList section */
	};
	rootObject = 3FDBA6CB1B026F8300025857 /* Project object */;
}
