// !$*UTF8*$!
{
	archiveVersion = 1;
	classes = {
	};
	objectVersion = 46;
	objects = {

/* Begin PBXContainerItemProxy section */
		3F070B9C1AF91AF3000618EB /* PBXContainerItemProxy */ = {
			isa = PBXContainerItemProxy;
			containerPortal = 3F070B981AF91AF2000618EB /* Task1.1.xcodeproj */;
			proxyType = 2;
			remoteGlobalIDString = 3F070B8E1AF91AF2000618EB;
			remoteInfo = Task1.1;
		};
		3F070BCA1AF924F2000618EB /* PBXContainerItemProxy */ = {
			isa = PBXContainerItemProxy;
			containerPortal = 3F070BB91AF91C73000618EB /* Task1.2.xcodeproj */;
			proxyType = 2;
			remoteGlobalIDString = 3F070BC61AF924F1000618EB;
			remoteInfo = Task1.2;
		};
		3F46BF421AF92FD900E5AD1B /* PBXContainerItemProxy */ = {
			isa = PBXContainerItemProxy;
			containerPortal = 3F46BF3C1AF92FD800E5AD1B /* Task2.1.xcodeproj */;
			proxyType = 2;
			remoteGlobalIDString = 3F46BF321AF92FD800E5AD1B;
			remoteInfo = Task2.1;
		};
/* End PBXContainerItemProxy section */

/* Begin PBXCopyFilesBuildPhase section */
		3F070B581AF9173C000618EB /* CopyFiles */ = {
			isa = PBXCopyFilesBuildPhase;
			buildActionMask = 2147483647;
			dstPath = /usr/share/man/man1/;
			dstSubfolderSpec = 0;
			files = (
			);
			runOnlyForDeploymentPostprocessing = 1;
		};
/* End PBXCopyFilesBuildPhase section */

/* Begin PBXFileReference section */
		3F070B981AF91AF2000618EB /* Task1.1.xcodeproj */ = {isa = PBXFileReference; lastKnownFileType = "wrapper.pb-project"; name = Task1.1.xcodeproj; path = Task1.1/Task1.1.xcodeproj; sourceTree = "<group>"; };
		3F070BB91AF91C73000618EB /* Task1.2.xcodeproj */ = {isa = PBXFileReference; lastKnownFileType = "wrapper.pb-project"; name = Task1.2.xcodeproj; path = Task1.2/Task1.2.xcodeproj; sourceTree = "<group>"; };
		3F46BF3C1AF92FD800E5AD1B /* Task2.1.xcodeproj */ = {isa = PBXFileReference; lastKnownFileType = "wrapper.pb-project"; name = Task2.1.xcodeproj; path = Task2.1/Task2.1.xcodeproj; sourceTree = "<group>"; };
		3FF9FF7E1AF9270700C13597 /* MRFHomeWork */ = {isa = PBXFileReference; explicitFileType = "compiled.mach-o.executable"; includeInIndex = 0; name = MRFHomeWork; path = /Users/morfey911/Documents/MRFHomeWork/build/Debug/MRFHomeWork; sourceTree = "<absolute>"; };
/* End PBXFileReference section */

/* Begin PBXFrameworksBuildPhase section */
		3F070B571AF9173C000618EB /* Frameworks */ = {
			isa = PBXFrameworksBuildPhase;
			buildActionMask = 2147483647;
			files = (
			);
			runOnlyForDeploymentPostprocessing = 0;
		};
/* End PBXFrameworksBuildPhase section */

/* Begin PBXGroup section */
		3F070B511AF9173C000618EB = {
			isa = PBXGroup;
			children = (
				3F46BF3C1AF92FD800E5AD1B /* Task2.1.xcodeproj */,
				3F070BB91AF91C73000618EB /* Task1.2.xcodeproj */,
				3F070B981AF91AF2000618EB /* Task1.1.xcodeproj */,
			);
			sourceTree = "<group>";
		};
		3F070B991AF91AF2000618EB /* Products */ = {
			isa = PBXGroup;
			children = (
				3F070B9D1AF91AF3000618EB /* Task1.1 */,
			);
			name = Products;
			sourceTree = "<group>";
		};
		3F070BBA1AF91C73000618EB /* Products */ = {
			isa = PBXGroup;
			children = (
				3F070BCB1AF924F2000618EB /* Task1.2 */,
			);
			name = Products;
			sourceTree = "<group>";
		};
		3F46BF3D1AF92FD800E5AD1B /* Products */ = {
			isa = PBXGroup;
			children = (
				3F46BF431AF92FD900E5AD1B /* Task2.1 */,
			);
			name = Products;
			sourceTree = "<group>";
		};
/* End PBXGroup section */

/* Begin PBXNativeTarget section */
		3F070B591AF9173C000618EB /* MRFHomeWork */ = {
			isa = PBXNativeTarget;
			buildConfigurationList = 3F070B611AF9173C000618EB /* Build configuration list for PBXNativeTarget "MRFHomeWork" */;
			buildPhases = (
				3F070B561AF9173C000618EB /* Sources */,
				3F070B571AF9173C000618EB /* Frameworks */,
				3F070B581AF9173C000618EB /* CopyFiles */,
			);
			buildRules = (
			);
			dependencies = (
			);
			name = MRFHomeWork;
			productName = MRFHomeWork;
			productReference = 3FF9FF7E1AF9270700C13597 /* MRFHomeWork */;
			productType = "com.apple.product-type.tool";
		};
/* End PBXNativeTarget section */

/* Begin PBXProject section */
		3F070B521AF9173C000618EB /* Project object */ = {
			isa = PBXProject;
			attributes = {
				LastUpgradeCheck = 0630;
				ORGANIZATIONNAME = "Yurii Mamurko";
				TargetAttributes = {
					3F070B591AF9173C000618EB = {
						CreatedOnToolsVersion = 6.3.1;
					};
				};
			};
			buildConfigurationList = 3F070B551AF9173C000618EB /* Build configuration list for PBXProject "MRFHomeWork" */;
			compatibilityVersion = "Xcode 3.2";
			developmentRegion = English;
			hasScannedForEncodings = 0;
			knownRegions = (
				en,
			);
			mainGroup = 3F070B511AF9173C000618EB;
			productRefGroup = 3F070B511AF9173C000618EB;
			projectDirPath = "";
			projectReferences = (
				{
					ProductGroup = 3F070B991AF91AF2000618EB /* Products */;
					ProjectRef = 3F070B981AF91AF2000618EB /* Task1.1.xcodeproj */;
				},
				{
					ProductGroup = 3F070BBA1AF91C73000618EB /* Products */;
					ProjectRef = 3F070BB91AF91C73000618EB /* Task1.2.xcodeproj */;
				},
				{
					ProductGroup = 3F46BF3D1AF92FD800E5AD1B /* Products */;
					ProjectRef = 3F46BF3C1AF92FD800E5AD1B /* Task2.1.xcodeproj */;
				},
			);
			projectRoot = "";
			targets = (
				3F070B591AF9173C000618EB /* MRFHomeWork */,
			);
		};
/* End PBXProject section */

/* Begin PBXReferenceProxy section */
		3F070B9D1AF91AF3000618EB /* Task1.1 */ = {
			isa = PBXReferenceProxy;
			fileType = "compiled.mach-o.executable";
			path = Task1.1;
			remoteRef = 3F070B9C1AF91AF3000618EB /* PBXContainerItemProxy */;
			sourceTree = BUILT_PRODUCTS_DIR;
		};
		3F070BCB1AF924F2000618EB /* Task1.2 */ = {
			isa = PBXReferenceProxy;
			fileType = "compiled.mach-o.executable";
			path = Task1.2;
			remoteRef = 3F070BCA1AF924F2000618EB /* PBXContainerItemProxy */;
			sourceTree = BUILT_PRODUCTS_DIR;
		};
		3F46BF431AF92FD900E5AD1B /* Task2.1 */ = {
			isa = PBXReferenceProxy;
			fileType = "compiled.mach-o.executable";
			path = Task2.1;
			remoteRef = 3F46BF421AF92FD900E5AD1B /* PBXContainerItemProxy */;
			sourceTree = BUILT_PRODUCTS_DIR;
		};
/* End PBXReferenceProxy section */

/* Begin PBXSourcesBuildPhase section */
		3F070B561AF9173C000618EB /* Sources */ = {
			isa = PBXSourcesBuildPhase;
			buildActionMask = 2147483647;
			files = (
			);
			runOnlyForDeploymentPostprocessing = 0;
		};
/* End PBXSourcesBuildPhase section */

/* Begin XCBuildConfiguration section */
		3F070B5F1AF9173C000618EB /* Debug */ = {
			isa = XCBuildConfiguration;
			buildSettings = {
				ALWAYS_SEARCH_USER_PATHS = NO;
				CLANG_CXX_LANGUAGE_STANDARD = "gnu++0x";
				CLANG_CXX_LIBRARY = "libc++";
				CLANG_ENABLE_MODULES = YES;
				CLANG_ENABLE_OBJC_ARC = YES;
				CLANG_WARN_BOOL_CONVERSION = YES;
				CLANG_WARN_CONSTANT_CONVERSION = YES;
				CLANG_WARN_DIRECT_OBJC_ISA_USAGE = YES_ERROR;
				CLANG_WARN_EMPTY_BODY = YES;
				CLANG_WARN_ENUM_CONVERSION = YES;
				CLANG_WARN_INT_CONVERSION = YES;
				CLANG_WARN_OBJC_ROOT_CLASS = YES_ERROR;
				CLANG_WARN_UNREACHABLE_CODE = YES;
				CLANG_WARN__DUPLICATE_METHOD_MATCH = YES;
				COPY_PHASE_STRIP = NO;
				DEBUG_INFORMATION_FORMAT = dwarf;
				ENABLE_STRICT_OBJC_MSGSEND = YES;
				GCC_C_LANGUAGE_STANDARD = gnu99;
				GCC_DYNAMIC_NO_PIC = NO;
				GCC_NO_COMMON_BLOCKS = YES;
				GCC_OPTIMIZATION_LEVEL = 0;
				GCC_PREPROCESSOR_DEFINITIONS = (
					"DEBUG=1",
					"$(inherited)",
				);
				GCC_SYMBOLS_PRIVATE_EXTERN = NO;
				GCC_WARN_64_TO_32_BIT_CONVERSION = YES;
				GCC_WARN_ABOUT_RETURN_TYPE = YES_ERROR;
				GCC_WARN_UNDECLARED_SELECTOR = YES;
				GCC_WARN_UNINITIALIZED_AUTOS = YES_AGGRESSIVE;
				GCC_WARN_UNUSED_FUNCTION = YES;
				GCC_WARN_UNUSED_VARIABLE = YES;
				MACOSX_DEPLOYMENT_TARGET = 10.10;
				MTL_ENABLE_DEBUG_INFO = YES;
				ONLY_ACTIVE_ARCH = YES;
				SDKROOT = macosx;
			};
			name = Debug;
		};
		3F070B601AF9173C000618EB /* Release */ = {
			isa = XCBuildConfiguration;
			buildSettings = {
				ALWAYS_SEARCH_USER_PATHS = NO;
				CLANG_CXX_LANGUAGE_STANDARD = "gnu++0x";
				CLANG_CXX_LIBRARY = "libc++";
				CLANG_ENABLE_MODULES = YES;
				CLANG_ENABLE_OBJC_ARC = YES;
				CLANG_WARN_BOOL_CONVERSION = YES;
				CLANG_WARN_CONSTANT_CONVERSION = YES;
				CLANG_WARN_DIRECT_OBJC_ISA_USAGE = YES_ERROR;
				CLANG_WARN_EMPTY_BODY = YES;
				CLANG_WARN_ENUM_CONVERSION = YES;
				CLANG_WARN_INT_CONVERSION = YES;
				CLANG_WARN_OBJC_ROOT_CLASS = YES_ERROR;
				CLANG_WARN_UNREACHABLE_CODE = YES;
				CLANG_WARN__DUPLICATE_METHOD_MATCH = YES;
				COPY_PHASE_STRIP = NO;
				DEBUG_INFORMATION_FORMAT = "dwarf-with-dsym";
				ENABLE_NS_ASSERTIONS = NO;
				ENABLE_STRICT_OBJC_MSGSEND = YES;
				GCC_C_LANGUAGE_STANDARD = gnu99;
				GCC_NO_COMMON_BLOCKS = YES;
				GCC_WARN_64_TO_32_BIT_CONVERSION = YES;
				GCC_WARN_ABOUT_RETURN_TYPE = YES_ERROR;
				GCC_WARN_UNDECLARED_SELECTOR = YES;
				GCC_WARN_UNINITIALIZED_AUTOS = YES_AGGRESSIVE;
				GCC_WARN_UNUSED_FUNCTION = YES;
				GCC_WARN_UNUSED_VARIABLE = YES;
				MACOSX_DEPLOYMENT_TARGET = 10.10;
				MTL_ENABLE_DEBUG_INFO = NO;
				SDKROOT = macosx;
			};
			name = Release;
		};
		3F070B621AF9173C000618EB /* Debug */ = {
			isa = XCBuildConfiguration;
			buildSettings = {
				PRODUCT_NAME = "$(TARGET_NAME)";
			};
			name = Debug;
		};
		3F070B631AF9173C000618EB /* Release */ = {
			isa = XCBuildConfiguration;
			buildSettings = {
				PRODUCT_NAME = "$(TARGET_NAME)";
			};
			name = Release;
		};
/* End XCBuildConfiguration section */

/* Begin XCConfigurationList section */
		3F070B551AF9173C000618EB /* Build configuration list for PBXProject "MRFHomeWork" */ = {
			isa = XCConfigurationList;
			buildConfigurations = (
				3F070B5F1AF9173C000618EB /* Debug */,
				3F070B601AF9173C000618EB /* Release */,
			);
			defaultConfigurationIsVisible = 0;
			defaultConfigurationName = Release;
		};
		3F070B611AF9173C000618EB /* Build configuration list for PBXNativeTarget "MRFHomeWork" */ = {
			isa = XCConfigurationList;
			buildConfigurations = (
				3F070B621AF9173C000618EB /* Debug */,
				3F070B631AF9173C000618EB /* Release */,
			);
			defaultConfigurationIsVisible = 0;
			defaultConfigurationName = Release;
		};
/* End XCConfigurationList section */
	};
	rootObject = 3F070B521AF9173C000618EB /* Project object */;
}
