// !$*UTF8*$!
{
	archiveVersion = 1;
	classes = {
	};
	objectVersion = 46;
	objects = {

/* Begin PBXBuildFile section */
		3F2B20A41BAB559E00B83FB9 /* MRFInfoViewController.m in Sources */ = {isa = PBXBuildFile; fileRef = 3F2B20A21BAB559E00B83FB9 /* MRFInfoViewController.m */; };
		3F2B20A51BAB559E00B83FB9 /* MRFInfoViewController.xib in Resources */ = {isa = PBXBuildFile; fileRef = 3F2B20A31BAB559E00B83FB9 /* MRFInfoViewController.xib */; };
		3F2B20A81BAB55DF00B83FB9 /* MRFInfoView.m in Sources */ = {isa = PBXBuildFile; fileRef = 3F2B20A71BAB55DF00B83FB9 /* MRFInfoView.m */; };
		3F2B20C51BAC107000B83FB9 /* MRFInfoModel.m in Sources */ = {isa = PBXBuildFile; fileRef = 3F2B20C41BAC107000B83FB9 /* MRFInfoModel.m */; };
		3F2B20C91BAC117700B83FB9 /* MRFArrayModel.m in Sources */ = {isa = PBXBuildFile; fileRef = 3F2B20C81BAC117700B83FB9 /* MRFArrayModel.m */; };
		3F2B21141BAC181200B83FB9 /* NSString+MRFExtensions.m in Sources */ = {isa = PBXBuildFile; fileRef = 3F2B20F61BAC181200B83FB9 /* NSString+MRFExtensions.m */; };
		3F2B21151BAC181200B83FB9 /* UIViewController+MRFExtensions.m in Sources */ = {isa = PBXBuildFile; fileRef = 3F2B20F91BAC181200B83FB9 /* UIViewController+MRFExtensions.m */; };
		3F2B21161BAC181200B83FB9 /* UIWindow+MFRExtensions.m in Sources */ = {isa = PBXBuildFile; fileRef = 3F2B20FC1BAC181200B83FB9 /* UIWindow+MFRExtensions.m */; };
		3F2B21171BAC181200B83FB9 /* MRFAlphabet.m in Sources */ = {isa = PBXBuildFile; fileRef = 3F2B21001BAC181200B83FB9 /* MRFAlphabet.m */; settings = {COMPILER_FLAGS = "-fno-objc-arc"; }; };
		3F2B21181BAC181200B83FB9 /* MRFAlphabets.m in Sources */ = {isa = PBXBuildFile; fileRef = 3F2B21021BAC181200B83FB9 /* MRFAlphabets.m */; settings = {COMPILER_FLAGS = "-fno-objc-arc"; }; };
		3F2B21191BAC181200B83FB9 /* MRFAlphabetFromString.m in Sources */ = {isa = PBXBuildFile; fileRef = 3F2B21061BAC181200B83FB9 /* MRFAlphabetFromString.m */; settings = {COMPILER_FLAGS = "-fno-objc-arc"; }; };
		3F2B211A1BAC181200B83FB9 /* MRFAlphabetWithRange.m in Sources */ = {isa = PBXBuildFile; fileRef = 3F2B21091BAC181200B83FB9 /* MRFAlphabetWithRange.m */; settings = {COMPILER_FLAGS = "-fno-objc-arc"; }; };
		3F2B211B1BAC181200B83FB9 /* MRFAlphabetWithStrings.m in Sources */ = {isa = PBXBuildFile; fileRef = 3F2B210C1BAC181200B83FB9 /* MRFAlphabetWithStrings.m */; settings = {COMPILER_FLAGS = "-fno-objc-arc"; }; };
		3F2B211C1BAC181200B83FB9 /* MRFObservableObject.m in Sources */ = {isa = PBXBuildFile; fileRef = 3F2B210F1BAC181200B83FB9 /* MRFObservableObject.m */; settings = {COMPILER_FLAGS = "-fno-objc-arc"; }; };
		3F2B211D1BAC181200B83FB9 /* MRFTableViewCell.m in Sources */ = {isa = PBXBuildFile; fileRef = 3F2B21121BAC181200B83FB9 /* MRFTableViewCell.m */; };
		3F2B21241BAF0C8100B83FB9 /* UINib+MRFExtensions.m in Sources */ = {isa = PBXBuildFile; fileRef = 3F2B21231BAF0C8100B83FB9 /* UINib+MRFExtensions.m */; };
		3F2B21281BAF14B700B83FB9 /* UITableView+MRFExtensions.m in Sources */ = {isa = PBXBuildFile; fileRef = 3F2B21271BAF14B700B83FB9 /* UITableView+MRFExtensions.m */; };
		3F2B212C1BB1DA6800B83FB9 /* NSMutableArray+MRFExtension.m in Sources */ = {isa = PBXBuildFile; fileRef = 3F2B212B1BB1DA6800B83FB9 /* NSMutableArray+MRFExtension.m */; };
		3F2B21301BB1F89F00B83FB9 /* NSIndexPath+MRFExtension.m in Sources */ = {isa = PBXBuildFile; fileRef = 3F2B212F1BB1F89F00B83FB9 /* NSIndexPath+MRFExtension.m */; };
		3F2B21341BB2072300B83FB9 /* MRFInfoArrayModel.m in Sources */ = {isa = PBXBuildFile; fileRef = 3F2B21331BB2072300B83FB9 /* MRFInfoArrayModel.m */; };
		3F2B21381BB36E2A00B83FB9 /* MRFDispatch.m in Sources */ = {isa = PBXBuildFile; fileRef = 3F2B21361BB36E2A00B83FB9 /* MRFDispatch.m */; };
		3F6F08621BCC2F3A005A6CB0 /* MRFImageModel.m in Sources */ = {isa = PBXBuildFile; fileRef = 3F6F08611BCC2F3A005A6CB0 /* MRFImageModel.m */; };
		3F6F086F1BCD84F6005A6CB0 /* MRFURLImageModel.m in Sources */ = {isa = PBXBuildFile; fileRef = 3F6F086E1BCD84F6005A6CB0 /* MRFURLImageModel.m */; };
		3F6F08721BCD8507005A6CB0 /* MRFFileImageModel.m in Sources */ = {isa = PBXBuildFile; fileRef = 3F6F08711BCD8507005A6CB0 /* MRFFileImageModel.m */; };
		3F6F08761BCEDB3C005A6CB0 /* MRFImageView.m in Sources */ = {isa = PBXBuildFile; fileRef = 3F6F08751BCEDB3C005A6CB0 /* MRFImageView.m */; };
		3F6F08781BD02289005A6CB0 /* MRFImageView.xib in Resources */ = {isa = PBXBuildFile; fileRef = 3F6F08771BD02289005A6CB0 /* MRFImageView.xib */; };
		3F6F087C1BD028A1005A6CB0 /* MRFCache.m in Sources */ = {isa = PBXBuildFile; fileRef = 3F6F087B1BD028A1005A6CB0 /* MRFCache.m */; };
		3F86FAB71BC4168E00978807 /* MRFModel.m in Sources */ = {isa = PBXBuildFile; fileRef = 3F86FAB61BC4168E00978807 /* MRFModel.m */; };
		3FDC17D71BCAAEB300EFA689 /* MRFArrayChangesModel+UITableView.m in Sources */ = {isa = PBXBuildFile; fileRef = 3FDC17D61BCAAEB300EFA689 /* MRFArrayChangesModel+UITableView.m */; };
		3FDF4F051BB5A80100BFAFFC /* MRFArrayChangesModel.m in Sources */ = {isa = PBXBuildFile; fileRef = 3FDF4F041BB5A80100BFAFFC /* MRFArrayChangesModel.m */; };
		3FDF4F091BB6ED3400BFAFFC /* MRFPositionModel.m in Sources */ = {isa = PBXBuildFile; fileRef = 3FDF4F081BB6ED3400BFAFFC /* MRFPositionModel.m */; };
		3FDF4F0D1BB6ED6C00BFAFFC /* MRFMovingPositionModel.m in Sources */ = {isa = PBXBuildFile; fileRef = 3FDF4F0C1BB6ED6C00BFAFFC /* MRFMovingPositionModel.m */; };
		3FDF4F141BB841B800BFAFFC /* MRFLoadingView.m in Sources */ = {isa = PBXBuildFile; fileRef = 3FDF4F131BB841B800BFAFFC /* MRFLoadingView.m */; };
		3FDF4F161BB841CE00BFAFFC /* MRFLoadingView.xib in Resources */ = {isa = PBXBuildFile; fileRef = 3FDF4F151BB841CE00BFAFFC /* MRFLoadingView.xib */; };
		3FDF4F1C1BB8644900BFAFFC /* MRFInfoCell.m in Sources */ = {isa = PBXBuildFile; fileRef = 3FDF4F1A1BB8644900BFAFFC /* MRFInfoCell.m */; };
		3FDF4F1D1BB8644900BFAFFC /* MRFInfoCell.xib in Resources */ = {isa = PBXBuildFile; fileRef = 3FDF4F1B1BB8644900BFAFFC /* MRFInfoCell.xib */; };
		3FDF4F211BBAE55E00BFAFFC /* NSFileManager+MRFExtensions.m in Sources */ = {isa = PBXBuildFile; fileRef = 3FDF4F201BBAE55E00BFAFFC /* NSFileManager+MRFExtensions.m */; };
		3FE68B411B9F2FF300632885 /* IDPStudyPlan in Resources */ = {isa = PBXBuildFile; fileRef = 3FE68B2C1B9F2FF300632885 /* IDPStudyPlan */; };
		3FE68B431B9F2FF300632885 /* main.m in Sources */ = {isa = PBXBuildFile; fileRef = 3FE68B2F1B9F2FF300632885 /* main.m */; };
		3FE68B461B9F2FF300632885 /* LaunchScreen.xib in Resources */ = {isa = PBXBuildFile; fileRef = 3FE68B381B9F2FF300632885 /* LaunchScreen.xib */; };
		3FE68B481B9F2FF300632885 /* Images.xcassets in Resources */ = {isa = PBXBuildFile; fileRef = 3FE68B3C1B9F2FF300632885 /* Images.xcassets */; };
		3FE68B761BA739EB00632885 /* MRFAppDelegate.m in Sources */ = {isa = PBXBuildFile; fileRef = 3FE68B751BA739EB00632885 /* MRFAppDelegate.m */; };
		3FE68B7D1BA73D4E00632885 /* MRFSquareViewController.m in Sources */ = {isa = PBXBuildFile; fileRef = 3FE68B791BA73D4E00632885 /* MRFSquareViewController.m */; };
		3FE68B7E1BA73D4E00632885 /* MRFSquareViewController.xib in Resources */ = {isa = PBXBuildFile; fileRef = 3FE68B7A1BA73D4E00632885 /* MRFSquareViewController.xib */; };
		3FE68B7F1BA73D4E00632885 /* MRFSquareViewHolder.m in Sources */ = {isa = PBXBuildFile; fileRef = 3FE68B7C1BA73D4E00632885 /* MRFSquareViewHolder.m */; };
		5F420E7B1BCBA90C00B018A9 /* MRFView.m in Sources */ = {isa = PBXBuildFile; fileRef = 5F420E7A1BCBA90C00B018A9 /* MRFView.m */; };
/* End PBXBuildFile section */

/* Begin PBXFileReference section */
		3F2B20A11BAB559E00B83FB9 /* MRFInfoViewController.h */ = {isa = PBXFileReference; fileEncoding = 4; lastKnownFileType = sourcecode.c.h; path = MRFInfoViewController.h; sourceTree = "<group>"; };
		3F2B20A21BAB559E00B83FB9 /* MRFInfoViewController.m */ = {isa = PBXFileReference; fileEncoding = 4; lastKnownFileType = sourcecode.c.objc; path = MRFInfoViewController.m; sourceTree = "<group>"; };
		3F2B20A31BAB559E00B83FB9 /* MRFInfoViewController.xib */ = {isa = PBXFileReference; fileEncoding = 4; lastKnownFileType = file.xib; path = MRFInfoViewController.xib; sourceTree = "<group>"; };
		3F2B20A61BAB55DF00B83FB9 /* MRFInfoView.h */ = {isa = PBXFileReference; fileEncoding = 4; lastKnownFileType = sourcecode.c.h; path = MRFInfoView.h; sourceTree = "<group>"; };
		3F2B20A71BAB55DF00B83FB9 /* MRFInfoView.m */ = {isa = PBXFileReference; fileEncoding = 4; lastKnownFileType = sourcecode.c.objc; path = MRFInfoView.m; sourceTree = "<group>"; };
		3F2B20C31BAC107000B83FB9 /* MRFInfoModel.h */ = {isa = PBXFileReference; fileEncoding = 4; lastKnownFileType = sourcecode.c.h; path = MRFInfoModel.h; sourceTree = "<group>"; };
		3F2B20C41BAC107000B83FB9 /* MRFInfoModel.m */ = {isa = PBXFileReference; fileEncoding = 4; lastKnownFileType = sourcecode.c.objc; path = MRFInfoModel.m; sourceTree = "<group>"; };
		3F2B20C71BAC117700B83FB9 /* MRFArrayModel.h */ = {isa = PBXFileReference; fileEncoding = 4; lastKnownFileType = sourcecode.c.h; path = MRFArrayModel.h; sourceTree = "<group>"; };
		3F2B20C81BAC117700B83FB9 /* MRFArrayModel.m */ = {isa = PBXFileReference; fileEncoding = 4; lastKnownFileType = sourcecode.c.objc; path = MRFArrayModel.m; sourceTree = "<group>"; };
		3F2B20F51BAC181200B83FB9 /* NSString+MRFExtensions.h */ = {isa = PBXFileReference; fileEncoding = 4; lastKnownFileType = sourcecode.c.h; path = "NSString+MRFExtensions.h"; sourceTree = "<group>"; };
		3F2B20F61BAC181200B83FB9 /* NSString+MRFExtensions.m */ = {isa = PBXFileReference; fileEncoding = 4; lastKnownFileType = sourcecode.c.objc; path = "NSString+MRFExtensions.m"; sourceTree = "<group>"; };
		3F2B20F81BAC181200B83FB9 /* UIViewController+MRFExtensions.h */ = {isa = PBXFileReference; fileEncoding = 4; lastKnownFileType = sourcecode.c.h; path = "UIViewController+MRFExtensions.h"; sourceTree = "<group>"; };
		3F2B20F91BAC181200B83FB9 /* UIViewController+MRFExtensions.m */ = {isa = PBXFileReference; fileEncoding = 4; lastKnownFileType = sourcecode.c.objc; path = "UIViewController+MRFExtensions.m"; sourceTree = "<group>"; };
		3F2B20FB1BAC181200B83FB9 /* UIWindow+MFRExtensions.h */ = {isa = PBXFileReference; fileEncoding = 4; lastKnownFileType = sourcecode.c.h; path = "UIWindow+MFRExtensions.h"; sourceTree = "<group>"; };
		3F2B20FC1BAC181200B83FB9 /* UIWindow+MFRExtensions.m */ = {isa = PBXFileReference; fileEncoding = 4; lastKnownFileType = sourcecode.c.objc; path = "UIWindow+MFRExtensions.m"; sourceTree = "<group>"; };
		3F2B20FF1BAC181200B83FB9 /* MRFAlphabet.h */ = {isa = PBXFileReference; fileEncoding = 4; lastKnownFileType = sourcecode.c.h; path = MRFAlphabet.h; sourceTree = "<group>"; };
		3F2B21001BAC181200B83FB9 /* MRFAlphabet.m */ = {isa = PBXFileReference; fileEncoding = 4; lastKnownFileType = sourcecode.c.objc; path = MRFAlphabet.m; sourceTree = "<group>"; };
		3F2B21011BAC181200B83FB9 /* MRFAlphabets.h */ = {isa = PBXFileReference; fileEncoding = 4; lastKnownFileType = sourcecode.c.h; path = MRFAlphabets.h; sourceTree = "<group>"; };
		3F2B21021BAC181200B83FB9 /* MRFAlphabets.m */ = {isa = PBXFileReference; fileEncoding = 4; lastKnownFileType = sourcecode.c.objc; path = MRFAlphabets.m; sourceTree = "<group>"; };
		3F2B21051BAC181200B83FB9 /* MRFAlphabetFromString.h */ = {isa = PBXFileReference; fileEncoding = 4; lastKnownFileType = sourcecode.c.h; path = MRFAlphabetFromString.h; sourceTree = "<group>"; };
		3F2B21061BAC181200B83FB9 /* MRFAlphabetFromString.m */ = {isa = PBXFileReference; fileEncoding = 4; lastKnownFileType = sourcecode.c.objc; path = MRFAlphabetFromString.m; sourceTree = "<group>"; };
		3F2B21081BAC181200B83FB9 /* MRFAlphabetWithRange.h */ = {isa = PBXFileReference; fileEncoding = 4; lastKnownFileType = sourcecode.c.h; path = MRFAlphabetWithRange.h; sourceTree = "<group>"; };
		3F2B21091BAC181200B83FB9 /* MRFAlphabetWithRange.m */ = {isa = PBXFileReference; fileEncoding = 4; lastKnownFileType = sourcecode.c.objc; path = MRFAlphabetWithRange.m; sourceTree = "<group>"; };
		3F2B210B1BAC181200B83FB9 /* MRFAlphabetWithStrings.h */ = {isa = PBXFileReference; fileEncoding = 4; lastKnownFileType = sourcecode.c.h; path = MRFAlphabetWithStrings.h; sourceTree = "<group>"; };
		3F2B210C1BAC181200B83FB9 /* MRFAlphabetWithStrings.m */ = {isa = PBXFileReference; fileEncoding = 4; lastKnownFileType = sourcecode.c.objc; path = MRFAlphabetWithStrings.m; sourceTree = "<group>"; };
		3F2B210E1BAC181200B83FB9 /* MRFObservableObject.h */ = {isa = PBXFileReference; fileEncoding = 4; lastKnownFileType = sourcecode.c.h; path = MRFObservableObject.h; sourceTree = "<group>"; };
		3F2B210F1BAC181200B83FB9 /* MRFObservableObject.m */ = {isa = PBXFileReference; fileEncoding = 4; lastKnownFileType = sourcecode.c.objc; path = MRFObservableObject.m; sourceTree = "<group>"; };
		3F2B21111BAC181200B83FB9 /* MRFTableViewCell.h */ = {isa = PBXFileReference; fileEncoding = 4; lastKnownFileType = sourcecode.c.h; path = MRFTableViewCell.h; sourceTree = "<group>"; };
		3F2B21121BAC181200B83FB9 /* MRFTableViewCell.m */ = {isa = PBXFileReference; fileEncoding = 4; lastKnownFileType = sourcecode.c.objc; path = MRFTableViewCell.m; sourceTree = "<group>"; };
		3F2B21131BAC181200B83FB9 /* MRFMacros.h */ = {isa = PBXFileReference; fileEncoding = 4; lastKnownFileType = sourcecode.c.h; path = MRFMacros.h; sourceTree = "<group>"; };
		3F2B21221BAF0C8100B83FB9 /* UINib+MRFExtensions.h */ = {isa = PBXFileReference; fileEncoding = 4; lastKnownFileType = sourcecode.c.h; path = "UINib+MRFExtensions.h"; sourceTree = "<group>"; };
		3F2B21231BAF0C8100B83FB9 /* UINib+MRFExtensions.m */ = {isa = PBXFileReference; fileEncoding = 4; lastKnownFileType = sourcecode.c.objc; path = "UINib+MRFExtensions.m"; sourceTree = "<group>"; };
		3F2B21261BAF14B700B83FB9 /* UITableView+MRFExtensions.h */ = {isa = PBXFileReference; fileEncoding = 4; lastKnownFileType = sourcecode.c.h; path = "UITableView+MRFExtensions.h"; sourceTree = "<group>"; };
		3F2B21271BAF14B700B83FB9 /* UITableView+MRFExtensions.m */ = {isa = PBXFileReference; fileEncoding = 4; lastKnownFileType = sourcecode.c.objc; path = "UITableView+MRFExtensions.m"; sourceTree = "<group>"; };
		3F2B212A1BB1DA6800B83FB9 /* NSMutableArray+MRFExtension.h */ = {isa = PBXFileReference; fileEncoding = 4; lastKnownFileType = sourcecode.c.h; path = "NSMutableArray+MRFExtension.h"; sourceTree = "<group>"; };
		3F2B212B1BB1DA6800B83FB9 /* NSMutableArray+MRFExtension.m */ = {isa = PBXFileReference; fileEncoding = 4; lastKnownFileType = sourcecode.c.objc; path = "NSMutableArray+MRFExtension.m"; sourceTree = "<group>"; };
		3F2B212E1BB1F89F00B83FB9 /* NSIndexPath+MRFExtension.h */ = {isa = PBXFileReference; fileEncoding = 4; lastKnownFileType = sourcecode.c.h; path = "NSIndexPath+MRFExtension.h"; sourceTree = "<group>"; };
		3F2B212F1BB1F89F00B83FB9 /* NSIndexPath+MRFExtension.m */ = {isa = PBXFileReference; fileEncoding = 4; lastKnownFileType = sourcecode.c.objc; path = "NSIndexPath+MRFExtension.m"; sourceTree = "<group>"; };
		3F2B21321BB2072300B83FB9 /* MRFInfoArrayModel.h */ = {isa = PBXFileReference; fileEncoding = 4; lastKnownFileType = sourcecode.c.h; path = MRFInfoArrayModel.h; sourceTree = "<group>"; };
		3F2B21331BB2072300B83FB9 /* MRFInfoArrayModel.m */ = {isa = PBXFileReference; fileEncoding = 4; lastKnownFileType = sourcecode.c.objc; path = MRFInfoArrayModel.m; sourceTree = "<group>"; };
		3F2B21361BB36E2A00B83FB9 /* MRFDispatch.m */ = {isa = PBXFileReference; fileEncoding = 4; lastKnownFileType = sourcecode.c.objc; path = MRFDispatch.m; sourceTree = "<group>"; };
		3F2B21371BB36E2A00B83FB9 /* MRFDispatch.h */ = {isa = PBXFileReference; fileEncoding = 4; lastKnownFileType = sourcecode.c.h; path = MRFDispatch.h; sourceTree = "<group>"; };
		3F6F08601BCC2F3A005A6CB0 /* MRFImageModel.h */ = {isa = PBXFileReference; fileEncoding = 4; lastKnownFileType = sourcecode.c.h; path = MRFImageModel.h; sourceTree = "<group>"; };
		3F6F08611BCC2F3A005A6CB0 /* MRFImageModel.m */ = {isa = PBXFileReference; fileEncoding = 4; lastKnownFileType = sourcecode.c.objc; path = MRFImageModel.m; sourceTree = "<group>"; };
		3F6F086D1BCD84F6005A6CB0 /* MRFURLImageModel.h */ = {isa = PBXFileReference; fileEncoding = 4; lastKnownFileType = sourcecode.c.h; path = MRFURLImageModel.h; sourceTree = "<group>"; };
		3F6F086E1BCD84F6005A6CB0 /* MRFURLImageModel.m */ = {isa = PBXFileReference; fileEncoding = 4; lastKnownFileType = sourcecode.c.objc; path = MRFURLImageModel.m; sourceTree = "<group>"; };
		3F6F08701BCD8507005A6CB0 /* MRFFileImageModel.h */ = {isa = PBXFileReference; fileEncoding = 4; lastKnownFileType = sourcecode.c.h; path = MRFFileImageModel.h; sourceTree = "<group>"; };
		3F6F08711BCD8507005A6CB0 /* MRFFileImageModel.m */ = {isa = PBXFileReference; fileEncoding = 4; lastKnownFileType = sourcecode.c.objc; path = MRFFileImageModel.m; sourceTree = "<group>"; };
		3F6F08741BCEDB3C005A6CB0 /* MRFImageView.h */ = {isa = PBXFileReference; fileEncoding = 4; lastKnownFileType = sourcecode.c.h; path = MRFImageView.h; sourceTree = "<group>"; };
		3F6F08751BCEDB3C005A6CB0 /* MRFImageView.m */ = {isa = PBXFileReference; fileEncoding = 4; lastKnownFileType = sourcecode.c.objc; path = MRFImageView.m; sourceTree = "<group>"; };
		3F6F08771BD02289005A6CB0 /* MRFImageView.xib */ = {isa = PBXFileReference; fileEncoding = 4; lastKnownFileType = file.xib; path = MRFImageView.xib; sourceTree = "<group>"; };
		3F6F087A1BD028A1005A6CB0 /* MRFCache.h */ = {isa = PBXFileReference; fileEncoding = 4; lastKnownFileType = sourcecode.c.h; path = MRFCache.h; sourceTree = "<group>"; };
		3F6F087B1BD028A1005A6CB0 /* MRFCache.m */ = {isa = PBXFileReference; fileEncoding = 4; lastKnownFileType = sourcecode.c.objc; path = MRFCache.m; sourceTree = "<group>"; };
		3F86FAB51BC4168E00978807 /* MRFModel.h */ = {isa = PBXFileReference; fileEncoding = 4; lastKnownFileType = sourcecode.c.h; path = MRFModel.h; sourceTree = "<group>"; };
		3F86FAB61BC4168E00978807 /* MRFModel.m */ = {isa = PBXFileReference; fileEncoding = 4; lastKnownFileType = sourcecode.c.objc; path = MRFModel.m; sourceTree = "<group>"; };
		3F86FAB81BC4170100978807 /* MRFModelProtocol.h */ = {isa = PBXFileReference; lastKnownFileType = sourcecode.c.h; path = MRFModelProtocol.h; sourceTree = "<group>"; };
		3FDC17D51BCAAEB300EFA689 /* MRFArrayChangesModel+UITableView.h */ = {isa = PBXFileReference; fileEncoding = 4; lastKnownFileType = sourcecode.c.h; path = "MRFArrayChangesModel+UITableView.h"; sourceTree = "<group>"; };
		3FDC17D61BCAAEB300EFA689 /* MRFArrayChangesModel+UITableView.m */ = {isa = PBXFileReference; fileEncoding = 4; lastKnownFileType = sourcecode.c.objc; path = "MRFArrayChangesModel+UITableView.m"; sourceTree = "<group>"; };
		3FDF4F031BB5A80100BFAFFC /* MRFArrayChangesModel.h */ = {isa = PBXFileReference; fileEncoding = 4; lastKnownFileType = sourcecode.c.h; path = MRFArrayChangesModel.h; sourceTree = "<group>"; };
		3FDF4F041BB5A80100BFAFFC /* MRFArrayChangesModel.m */ = {isa = PBXFileReference; fileEncoding = 4; lastKnownFileType = sourcecode.c.objc; path = MRFArrayChangesModel.m; sourceTree = "<group>"; };
		3FDF4F071BB6ED3400BFAFFC /* MRFPositionModel.h */ = {isa = PBXFileReference; fileEncoding = 4; lastKnownFileType = sourcecode.c.h; path = MRFPositionModel.h; sourceTree = "<group>"; };
		3FDF4F081BB6ED3400BFAFFC /* MRFPositionModel.m */ = {isa = PBXFileReference; fileEncoding = 4; lastKnownFileType = sourcecode.c.objc; path = MRFPositionModel.m; sourceTree = "<group>"; };
		3FDF4F0B1BB6ED6C00BFAFFC /* MRFMovingPositionModel.h */ = {isa = PBXFileReference; fileEncoding = 4; lastKnownFileType = sourcecode.c.h; path = MRFMovingPositionModel.h; sourceTree = "<group>"; };
		3FDF4F0C1BB6ED6C00BFAFFC /* MRFMovingPositionModel.m */ = {isa = PBXFileReference; fileEncoding = 4; lastKnownFileType = sourcecode.c.objc; path = MRFMovingPositionModel.m; sourceTree = "<group>"; };
		3FDF4F121BB841B800BFAFFC /* MRFLoadingView.h */ = {isa = PBXFileReference; fileEncoding = 4; lastKnownFileType = sourcecode.c.h; path = MRFLoadingView.h; sourceTree = "<group>"; };
		3FDF4F131BB841B800BFAFFC /* MRFLoadingView.m */ = {isa = PBXFileReference; fileEncoding = 4; lastKnownFileType = sourcecode.c.objc; path = MRFLoadingView.m; sourceTree = "<group>"; };
		3FDF4F151BB841CE00BFAFFC /* MRFLoadingView.xib */ = {isa = PBXFileReference; fileEncoding = 4; lastKnownFileType = file.xib; path = MRFLoadingView.xib; sourceTree = "<group>"; };
		3FDF4F191BB8644900BFAFFC /* MRFInfoCell.h */ = {isa = PBXFileReference; fileEncoding = 4; lastKnownFileType = sourcecode.c.h; path = MRFInfoCell.h; sourceTree = "<group>"; };
		3FDF4F1A1BB8644900BFAFFC /* MRFInfoCell.m */ = {isa = PBXFileReference; fileEncoding = 4; lastKnownFileType = sourcecode.c.objc; path = MRFInfoCell.m; sourceTree = "<group>"; };
		3FDF4F1B1BB8644900BFAFFC /* MRFInfoCell.xib */ = {isa = PBXFileReference; fileEncoding = 4; lastKnownFileType = file.xib; path = MRFInfoCell.xib; sourceTree = "<group>"; };
		3FDF4F1F1BBAE55E00BFAFFC /* NSFileManager+MRFExtensions.h */ = {isa = PBXFileReference; fileEncoding = 4; lastKnownFileType = sourcecode.c.h; path = "NSFileManager+MRFExtensions.h"; sourceTree = "<group>"; };
		3FDF4F201BBAE55E00BFAFFC /* NSFileManager+MRFExtensions.m */ = {isa = PBXFileReference; fileEncoding = 4; lastKnownFileType = sourcecode.c.objc; path = "NSFileManager+MRFExtensions.m"; sourceTree = "<group>"; };
		3FE68B011B9F2D1000632885 /* Objective-C UIKit.app */ = {isa = PBXFileReference; explicitFileType = wrapper.application; includeInIndex = 0; path = "Objective-C UIKit.app"; sourceTree = BUILT_PRODUCTS_DIR; };
		3FE68B2C1B9F2FF300632885 /* IDPStudyPlan */ = {isa = PBXFileReference; fileEncoding = 4; lastKnownFileType = text; path = IDPStudyPlan; sourceTree = "<group>"; };
		3FE68B2E1B9F2FF300632885 /* Info.plist */ = {isa = PBXFileReference; fileEncoding = 4; lastKnownFileType = text.plist.xml; path = Info.plist; sourceTree = "<group>"; };
		3FE68B2F1B9F2FF300632885 /* main.m */ = {isa = PBXFileReference; fileEncoding = 4; lastKnownFileType = sourcecode.c.objc; path = main.m; sourceTree = "<group>"; };
		3FE68B391B9F2FF300632885 /* Base */ = {isa = PBXFileReference; lastKnownFileType = file.xib; name = Base; path = Base.lproj/LaunchScreen.xib; sourceTree = "<group>"; };
		3FE68B3C1B9F2FF300632885 /* Images.xcassets */ = {isa = PBXFileReference; lastKnownFileType = folder.assetcatalog; path = Images.xcassets; sourceTree = "<group>"; };
		3FE68B741BA739EB00632885 /* MRFAppDelegate.h */ = {isa = PBXFileReference; fileEncoding = 4; lastKnownFileType = sourcecode.c.h; path = MRFAppDelegate.h; sourceTree = "<group>"; };
		3FE68B751BA739EB00632885 /* MRFAppDelegate.m */ = {isa = PBXFileReference; fileEncoding = 4; lastKnownFileType = sourcecode.c.objc; path = MRFAppDelegate.m; sourceTree = "<group>"; };
		3FE68B781BA73D4E00632885 /* MRFSquareViewController.h */ = {isa = PBXFileReference; fileEncoding = 4; lastKnownFileType = sourcecode.c.h; path = MRFSquareViewController.h; sourceTree = "<group>"; };
		3FE68B791BA73D4E00632885 /* MRFSquareViewController.m */ = {isa = PBXFileReference; fileEncoding = 4; lastKnownFileType = sourcecode.c.objc; path = MRFSquareViewController.m; sourceTree = "<group>"; };
		3FE68B7A1BA73D4E00632885 /* MRFSquareViewController.xib */ = {isa = PBXFileReference; fileEncoding = 4; lastKnownFileType = file.xib; path = MRFSquareViewController.xib; sourceTree = "<group>"; };
		3FE68B7B1BA73D4E00632885 /* MRFSquareViewHolder.h */ = {isa = PBXFileReference; fileEncoding = 4; lastKnownFileType = sourcecode.c.h; path = MRFSquareViewHolder.h; sourceTree = "<group>"; };
		3FE68B7C1BA73D4E00632885 /* MRFSquareViewHolder.m */ = {isa = PBXFileReference; fileEncoding = 4; lastKnownFileType = sourcecode.c.objc; path = MRFSquareViewHolder.m; sourceTree = "<group>"; };
		5F420E791BCBA90C00B018A9 /* MRFView.h */ = {isa = PBXFileReference; fileEncoding = 4; lastKnownFileType = sourcecode.c.h; path = MRFView.h; sourceTree = "<group>"; };
		5F420E7A1BCBA90C00B018A9 /* MRFView.m */ = {isa = PBXFileReference; fileEncoding = 4; lastKnownFileType = sourcecode.c.objc; path = MRFView.m; sourceTree = "<group>"; };
/* End PBXFileReference section */

/* Begin PBXFrameworksBuildPhase section */
		3FE68AFE1B9F2D1000632885 /* Frameworks */ = {
			isa = PBXFrameworksBuildPhase;
			buildActionMask = 2147483647;
			files = (
			);
			runOnlyForDeploymentPostprocessing = 0;
		};
/* End PBXFrameworksBuildPhase section */

/* Begin PBXGroup section */
		3F2B20A01BAB554A00B83FB9 /* MRFInfoViewController */ = {
			isa = PBXGroup;
			children = (
				3F2B20BC1BABFB9C00B83FB9 /* Views */,
				3F2B20A11BAB559E00B83FB9 /* MRFInfoViewController.h */,
				3F2B20A21BAB559E00B83FB9 /* MRFInfoViewController.m */,
				3F2B20A31BAB559E00B83FB9 /* MRFInfoViewController.xib */,
				3F2B20A61BAB55DF00B83FB9 /* MRFInfoView.h */,
				3F2B20A71BAB55DF00B83FB9 /* MRFInfoView.m */,
			);
			path = MRFInfoViewController;
			sourceTree = "<group>";
		};
		3F2B20BC1BABFB9C00B83FB9 /* Views */ = {
			isa = PBXGroup;
			children = (
				3F6F08731BCEDAC8005A6CB0 /* MRFImageView */,
				3FDF4F181BB8644900BFAFFC /* MRFInfoCell */,
				3FDF4F111BB8417A00BFAFFC /* MRFLoadingView */,
			);
			path = Views;
			sourceTree = "<group>";
		};
		3F2B20C21BAC103900B83FB9 /* MRFInfoModel */ = {
			isa = PBXGroup;
			children = (
				3F2B20C31BAC107000B83FB9 /* MRFInfoModel.h */,
				3F2B20C41BAC107000B83FB9 /* MRFInfoModel.m */,
			);
			path = MRFInfoModel;
			sourceTree = "<group>";
		};
		3F2B20C61BAC10D900B83FB9 /* MRFArrayModel */ = {
			isa = PBXGroup;
			children = (
				3F2B20C71BAC117700B83FB9 /* MRFArrayModel.h */,
				3F2B20C81BAC117700B83FB9 /* MRFArrayModel.m */,
			);
			path = MRFArrayModel;
			sourceTree = "<group>";
		};
		3F2B20F21BAC181200B83FB9 /* Library */ = {
			isa = PBXGroup;
			children = (
				3F2B21351BB36DA600B83FB9 /* MRFDispatch */,
				3F2B20F31BAC181200B83FB9 /* Categories */,
				3F2B20FD1BAC181200B83FB9 /* Classes */,
				3F2B21131BAC181200B83FB9 /* MRFMacros.h */,
			);
			path = Library;
			sourceTree = "<group>";
		};
		3F2B20F31BAC181200B83FB9 /* Categories */ = {
			isa = PBXGroup;
			children = (
				3FDF4F1E1BBAE52800BFAFFC /* NSFileManager+MRFExtensions */,
				3F2B212D1BB1F85100B83FB9 /* NSIndexPath+MRFExtension */,
				3F2B21291BB1DA3100B83FB9 /* NSMutableArray+MRFExtension */,
				3F2B21251BAF148600B83FB9 /* UITableView+MRFExtensions */,
				3F2B21211BAF0C4500B83FB9 /* UINib+MRFExtensions */,
				3F2B20F41BAC181200B83FB9 /* NSString+MRFExtensions */,
				3F2B20F71BAC181200B83FB9 /* UIViewController+MRFExtensions */,
				3F2B20FA1BAC181200B83FB9 /* UIWindow+MFRExtensions */,
			);
			path = Categories;
			sourceTree = "<group>";
		};
		3F2B20F41BAC181200B83FB9 /* NSString+MRFExtensions */ = {
			isa = PBXGroup;
			children = (
				3F2B20F51BAC181200B83FB9 /* NSString+MRFExtensions.h */,
				3F2B20F61BAC181200B83FB9 /* NSString+MRFExtensions.m */,
			);
			path = "NSString+MRFExtensions";
			sourceTree = "<group>";
		};
		3F2B20F71BAC181200B83FB9 /* UIViewController+MRFExtensions */ = {
			isa = PBXGroup;
			children = (
				3F2B20F81BAC181200B83FB9 /* UIViewController+MRFExtensions.h */,
				3F2B20F91BAC181200B83FB9 /* UIViewController+MRFExtensions.m */,
			);
			path = "UIViewController+MRFExtensions";
			sourceTree = "<group>";
		};
		3F2B20FA1BAC181200B83FB9 /* UIWindow+MFRExtensions */ = {
			isa = PBXGroup;
			children = (
				3F2B20FB1BAC181200B83FB9 /* UIWindow+MFRExtensions.h */,
				3F2B20FC1BAC181200B83FB9 /* UIWindow+MFRExtensions.m */,
			);
			path = "UIWindow+MFRExtensions";
			sourceTree = "<group>";
		};
		3F2B20FD1BAC181200B83FB9 /* Classes */ = {
			isa = PBXGroup;
			children = (
				3F6F08791BD028A1005A6CB0 /* MRFCache */,
				3F2B20FE1BAC181200B83FB9 /* MRFAlphabet */,
				3F2B210D1BAC181200B83FB9 /* MRFObservableObject */,
				3F2B21101BAC181200B83FB9 /* MRFTableViewCell */,
			);
			path = Classes;
			sourceTree = "<group>";
		};
		3F2B20FE1BAC181200B83FB9 /* MRFAlphabet */ = {
			isa = PBXGroup;
			children = (
				3F2B20FF1BAC181200B83FB9 /* MRFAlphabet.h */,
				3F2B21001BAC181200B83FB9 /* MRFAlphabet.m */,
				3F2B21011BAC181200B83FB9 /* MRFAlphabets.h */,
				3F2B21021BAC181200B83FB9 /* MRFAlphabets.m */,
				3F2B21031BAC181200B83FB9 /* Private */,
			);
			path = MRFAlphabet;
			sourceTree = "<group>";
		};
		3F2B21031BAC181200B83FB9 /* Private */ = {
			isa = PBXGroup;
			children = (
				3F2B21041BAC181200B83FB9 /* MRFAlphabetFromString */,
				3F2B21071BAC181200B83FB9 /* MRFAlphabetWithRange */,
				3F2B210A1BAC181200B83FB9 /* MRFAlphabetWithStrings */,
			);
			path = Private;
			sourceTree = "<group>";
		};
		3F2B21041BAC181200B83FB9 /* MRFAlphabetFromString */ = {
			isa = PBXGroup;
			children = (
				3F2B21051BAC181200B83FB9 /* MRFAlphabetFromString.h */,
				3F2B21061BAC181200B83FB9 /* MRFAlphabetFromString.m */,
			);
			path = MRFAlphabetFromString;
			sourceTree = "<group>";
		};
		3F2B21071BAC181200B83FB9 /* MRFAlphabetWithRange */ = {
			isa = PBXGroup;
			children = (
				3F2B21081BAC181200B83FB9 /* MRFAlphabetWithRange.h */,
				3F2B21091BAC181200B83FB9 /* MRFAlphabetWithRange.m */,
			);
			path = MRFAlphabetWithRange;
			sourceTree = "<group>";
		};
		3F2B210A1BAC181200B83FB9 /* MRFAlphabetWithStrings */ = {
			isa = PBXGroup;
			children = (
				3F2B210B1BAC181200B83FB9 /* MRFAlphabetWithStrings.h */,
				3F2B210C1BAC181200B83FB9 /* MRFAlphabetWithStrings.m */,
			);
			path = MRFAlphabetWithStrings;
			sourceTree = "<group>";
		};
		3F2B210D1BAC181200B83FB9 /* MRFObservableObject */ = {
			isa = PBXGroup;
			children = (
				3F2B210E1BAC181200B83FB9 /* MRFObservableObject.h */,
				3F2B210F1BAC181200B83FB9 /* MRFObservableObject.m */,
			);
			path = MRFObservableObject;
			sourceTree = "<group>";
		};
		3F2B21101BAC181200B83FB9 /* MRFTableViewCell */ = {
			isa = PBXGroup;
			children = (
				3F2B21111BAC181200B83FB9 /* MRFTableViewCell.h */,
				3F2B21121BAC181200B83FB9 /* MRFTableViewCell.m */,
			);
			path = MRFTableViewCell;
			sourceTree = "<group>";
		};
		3F2B211E1BAC366500B83FB9 /* Images */ = {
			isa = PBXGroup;
			children = (
			);
			path = Images;
			sourceTree = "<group>";
		};
		3F2B21211BAF0C4500B83FB9 /* UINib+MRFExtensions */ = {
			isa = PBXGroup;
			children = (
				3F2B21221BAF0C8100B83FB9 /* UINib+MRFExtensions.h */,
				3F2B21231BAF0C8100B83FB9 /* UINib+MRFExtensions.m */,
			);
			path = "UINib+MRFExtensions";
			sourceTree = "<group>";
		};
		3F2B21251BAF148600B83FB9 /* UITableView+MRFExtensions */ = {
			isa = PBXGroup;
			children = (
				3F2B21261BAF14B700B83FB9 /* UITableView+MRFExtensions.h */,
				3F2B21271BAF14B700B83FB9 /* UITableView+MRFExtensions.m */,
			);
			path = "UITableView+MRFExtensions";
			sourceTree = "<group>";
		};
		3F2B21291BB1DA3100B83FB9 /* NSMutableArray+MRFExtension */ = {
			isa = PBXGroup;
			children = (
				3F2B212A1BB1DA6800B83FB9 /* NSMutableArray+MRFExtension.h */,
				3F2B212B1BB1DA6800B83FB9 /* NSMutableArray+MRFExtension.m */,
			);
			path = "NSMutableArray+MRFExtension";
			sourceTree = "<group>";
		};
		3F2B212D1BB1F85100B83FB9 /* NSIndexPath+MRFExtension */ = {
			isa = PBXGroup;
			children = (
				3F2B212E1BB1F89F00B83FB9 /* NSIndexPath+MRFExtension.h */,
				3F2B212F1BB1F89F00B83FB9 /* NSIndexPath+MRFExtension.m */,
			);
			path = "NSIndexPath+MRFExtension";
			sourceTree = "<group>";
		};
		3F2B21311BB206D200B83FB9 /* MRFInfoArrayModel */ = {
			isa = PBXGroup;
			children = (
				3F2B21321BB2072300B83FB9 /* MRFInfoArrayModel.h */,
				3F2B21331BB2072300B83FB9 /* MRFInfoArrayModel.m */,
			);
			path = MRFInfoArrayModel;
			sourceTree = "<group>";
		};
		3F2B21351BB36DA600B83FB9 /* MRFDispatch */ = {
			isa = PBXGroup;
			children = (
				3F2B21361BB36E2A00B83FB9 /* MRFDispatch.m */,
				3F2B21371BB36E2A00B83FB9 /* MRFDispatch.h */,
			);
			path = MRFDispatch;
			sourceTree = "<group>";
		};
		3F6F085F1BCC2ECE005A6CB0 /* MRFImageModel */ = {
			isa = PBXGroup;
			children = (
				3F6F086C1BCD84C7005A6CB0 /* MRFURLImageModel */,
				3F6F086B1BCD5ECB005A6CB0 /* MRFFileImageModel */,
				3F6F08601BCC2F3A005A6CB0 /* MRFImageModel.h */,
				3F6F08611BCC2F3A005A6CB0 /* MRFImageModel.m */,
			);
			path = MRFImageModel;
			sourceTree = "<group>";
		};
		3F6F086B1BCD5ECB005A6CB0 /* MRFFileImageModel */ = {
			isa = PBXGroup;
			children = (
				3F6F08701BCD8507005A6CB0 /* MRFFileImageModel.h */,
				3F6F08711BCD8507005A6CB0 /* MRFFileImageModel.m */,
			);
			path = MRFFileImageModel;
			sourceTree = "<group>";
		};
		3F6F086C1BCD84C7005A6CB0 /* MRFURLImageModel */ = {
			isa = PBXGroup;
			children = (
				3F6F086D1BCD84F6005A6CB0 /* MRFURLImageModel.h */,
				3F6F086E1BCD84F6005A6CB0 /* MRFURLImageModel.m */,
			);
			path = MRFURLImageModel;
			sourceTree = "<group>";
		};
		3F6F08731BCEDAC8005A6CB0 /* MRFImageView */ = {
			isa = PBXGroup;
			children = (
				3F6F08741BCEDB3C005A6CB0 /* MRFImageView.h */,
				3F6F08751BCEDB3C005A6CB0 /* MRFImageView.m */,
				3F6F08771BD02289005A6CB0 /* MRFImageView.xib */,
			);
			path = MRFImageView;
			sourceTree = "<group>";
		};
		3F6F08791BD028A1005A6CB0 /* MRFCache */ = {
			isa = PBXGroup;
			children = (
				3F6F087A1BD028A1005A6CB0 /* MRFCache.h */,
				3F6F087B1BD028A1005A6CB0 /* MRFCache.m */,
			);
			path = MRFCache;
			sourceTree = "<group>";
		};
		3F86FAB41BC4165900978807 /* MRFModel */ = {
			isa = PBXGroup;
			children = (
				3F86FAB51BC4168E00978807 /* MRFModel.h */,
				3F86FAB61BC4168E00978807 /* MRFModel.m */,
				3F86FAB81BC4170100978807 /* MRFModelProtocol.h */,
			);
			path = MRFModel;
			sourceTree = "<group>";
		};
		3FDC17D31BCAAE1100EFA689 /* Categories */ = {
			isa = PBXGroup;
			children = (
				3FDC17D41BCAAE2600EFA689 /* MRFArrayChangesModel+UITableView */,
			);
			path = Categories;
			sourceTree = "<group>";
		};
		3FDC17D41BCAAE2600EFA689 /* MRFArrayChangesModel+UITableView */ = {
			isa = PBXGroup;
			children = (
				3FDC17D51BCAAEB300EFA689 /* MRFArrayChangesModel+UITableView.h */,
				3FDC17D61BCAAEB300EFA689 /* MRFArrayChangesModel+UITableView.m */,
			);
			path = "MRFArrayChangesModel+UITableView";
			sourceTree = "<group>";
		};
		3FDF4F021BB5A80100BFAFFC /* MRFArrayChangesModel */ = {
			isa = PBXGroup;
			children = (
				3FDC17D31BCAAE1100EFA689 /* Categories */,
				3FDF4F0A1BB6ED3B00BFAFFC /* MRFMovingPositionModel */,
				3FDF4F061BB5ACF700BFAFFC /* MRFPositionModel */,
				3FDF4F031BB5A80100BFAFFC /* MRFArrayChangesModel.h */,
				3FDF4F041BB5A80100BFAFFC /* MRFArrayChangesModel.m */,
			);
			path = MRFArrayChangesModel;
			sourceTree = "<group>";
		};
		3FDF4F061BB5ACF700BFAFFC /* MRFPositionModel */ = {
			isa = PBXGroup;
			children = (
				3FDF4F071BB6ED3400BFAFFC /* MRFPositionModel.h */,
				3FDF4F081BB6ED3400BFAFFC /* MRFPositionModel.m */,
			);
			path = MRFPositionModel;
			sourceTree = "<group>";
		};
		3FDF4F0A1BB6ED3B00BFAFFC /* MRFMovingPositionModel */ = {
			isa = PBXGroup;
			children = (
				3FDF4F0B1BB6ED6C00BFAFFC /* MRFMovingPositionModel.h */,
				3FDF4F0C1BB6ED6C00BFAFFC /* MRFMovingPositionModel.m */,
			);
			path = MRFMovingPositionModel;
			sourceTree = "<group>";
		};
		3FDF4F111BB8417A00BFAFFC /* MRFLoadingView */ = {
			isa = PBXGroup;
			children = (
				3FDF4F121BB841B800BFAFFC /* MRFLoadingView.h */,
				3FDF4F131BB841B800BFAFFC /* MRFLoadingView.m */,
				3FDF4F151BB841CE00BFAFFC /* MRFLoadingView.xib */,
			);
			path = MRFLoadingView;
			sourceTree = "<group>";
		};
		3FDF4F181BB8644900BFAFFC /* MRFInfoCell */ = {
			isa = PBXGroup;
			children = (
				3FDF4F191BB8644900BFAFFC /* MRFInfoCell.h */,
				3FDF4F1A1BB8644900BFAFFC /* MRFInfoCell.m */,
				3FDF4F1B1BB8644900BFAFFC /* MRFInfoCell.xib */,
			);
			path = MRFInfoCell;
			sourceTree = "<group>";
		};
		3FDF4F1E1BBAE52800BFAFFC /* NSFileManager+MRFExtensions */ = {
			isa = PBXGroup;
			children = (
				3FDF4F1F1BBAE55E00BFAFFC /* NSFileManager+MRFExtensions.h */,
				3FDF4F201BBAE55E00BFAFFC /* NSFileManager+MRFExtensions.m */,
			);
			path = "NSFileManager+MRFExtensions";
			sourceTree = "<group>";
		};
		3FE68AF81B9F2D1000632885 = {
			isa = PBXGroup;
			children = (
				3FE68B2C1B9F2FF300632885 /* IDPStudyPlan */,
				3FE68B3D1B9F2FF300632885 /* Sources */,
				3FE68B371B9F2FF300632885 /* Resources */,
				3FE68B2D1B9F2FF300632885 /* Objective-C UIKit */,
				3FE68B021B9F2D1000632885 /* Products */,
			);
			sourceTree = "<group>";
		};
		3FE68B021B9F2D1000632885 /* Products */ = {
			isa = PBXGroup;
			children = (
				3FE68B011B9F2D1000632885 /* Objective-C UIKit.app */,
			);
			name = Products;
			sourceTree = "<group>";
		};
		3FE68B2D1B9F2FF300632885 /* Objective-C UIKit */ = {
			isa = PBXGroup;
			children = (
				3FE68B2E1B9F2FF300632885 /* Info.plist */,
				3FE68B2F1B9F2FF300632885 /* main.m */,
				3FE68B741BA739EB00632885 /* MRFAppDelegate.h */,
				3FE68B751BA739EB00632885 /* MRFAppDelegate.m */,
			);
			path = "Objective-C UIKit";
			sourceTree = "<group>";
		};
		3FE68B371B9F2FF300632885 /* Resources */ = {
			isa = PBXGroup;
			children = (
				3F2B211E1BAC366500B83FB9 /* Images */,
				3FE68B381B9F2FF300632885 /* LaunchScreen.xib */,
				3FE68B3C1B9F2FF300632885 /* Images.xcassets */,
			);
			path = Resources;
			sourceTree = "<group>";
		};
		3FE68B3D1B9F2FF300632885 /* Sources */ = {
			isa = PBXGroup;
			children = (
				3F2B20F21BAC181200B83FB9 /* Library */,
				3FE68B3F1B9F2FF300632885 /* Models */,
				3FE68B401B9F2FF300632885 /* UI */,
			);
			path = Sources;
			sourceTree = "<group>";
		};
		3FE68B3F1B9F2FF300632885 /* Models */ = {
			isa = PBXGroup;
			children = (
				3F6F085F1BCC2ECE005A6CB0 /* MRFImageModel */,
				3F86FAB41BC4165900978807 /* MRFModel */,
				3F2B20C61BAC10D900B83FB9 /* MRFArrayModel */,
				3F2B21311BB206D200B83FB9 /* MRFInfoArrayModel */,
				3FDF4F021BB5A80100BFAFFC /* MRFArrayChangesModel */,
				3F2B20C21BAC103900B83FB9 /* MRFInfoModel */,
			);
			path = Models;
			sourceTree = "<group>";
		};
		3FE68B401B9F2FF300632885 /* UI */ = {
			isa = PBXGroup;
			children = (
				5F420E771BCBA8C000B018A9 /* Views */,
				3F2B20A01BAB554A00B83FB9 /* MRFInfoViewController */,
				3FE68B771BA73CF300632885 /* MRFSquareViewController */,
			);
			path = UI;
			sourceTree = "<group>";
		};
		3FE68B771BA73CF300632885 /* MRFSquareViewController */ = {
			isa = PBXGroup;
			children = (
				3FE68B781BA73D4E00632885 /* MRFSquareViewController.h */,
				3FE68B791BA73D4E00632885 /* MRFSquareViewController.m */,
				3FE68B7A1BA73D4E00632885 /* MRFSquareViewController.xib */,
				3FE68B7B1BA73D4E00632885 /* MRFSquareViewHolder.h */,
				3FE68B7C1BA73D4E00632885 /* MRFSquareViewHolder.m */,
			);
			path = MRFSquareViewController;
			sourceTree = "<group>";
		};
		5F420E771BCBA8C000B018A9 /* Views */ = {
			isa = PBXGroup;
			children = (
				5F420E781BCBA8EA00B018A9 /* MRFView */,
			);
			path = Views;
			sourceTree = "<group>";
		};
		5F420E781BCBA8EA00B018A9 /* MRFView */ = {
			isa = PBXGroup;
			children = (
				5F420E791BCBA90C00B018A9 /* MRFView.h */,
				5F420E7A1BCBA90C00B018A9 /* MRFView.m */,
			);
			path = MRFView;
			sourceTree = "<group>";
		};
/* End PBXGroup section */

/* Begin PBXNativeTarget section */
		3FE68B001B9F2D1000632885 /* Objective-C UIKit */ = {
			isa = PBXNativeTarget;
			buildConfigurationList = 3FE68B241B9F2D1000632885 /* Build configuration list for PBXNativeTarget "Objective-C UIKit" */;
			buildPhases = (
				3FE68AFD1B9F2D1000632885 /* Sources */,
				3FE68AFE1B9F2D1000632885 /* Frameworks */,
				3FE68AFF1B9F2D1000632885 /* Resources */,
			);
			buildRules = (
			);
			dependencies = (
			);
			name = "Objective-C UIKit";
			productName = "Objective-C UIKit";
			productReference = 3FE68B011B9F2D1000632885 /* Objective-C UIKit.app */;
			productType = "com.apple.product-type.application";
		};
/* End PBXNativeTarget section */

/* Begin PBXProject section */
		3FE68AF91B9F2D1000632885 /* Project object */ = {
			isa = PBXProject;
			attributes = {
				CLASSPREFIX = MRF;
				LastUpgradeCheck = 0700;
				ORGANIZATIONNAME = "Yurii Mamurko";
				TargetAttributes = {
					3FE68B001B9F2D1000632885 = {
						CreatedOnToolsVersion = 6.4;
					};
				};
			};
			buildConfigurationList = 3FE68AFC1B9F2D1000632885 /* Build configuration list for PBXProject "Objective-C UIKit" */;
			compatibilityVersion = "Xcode 3.2";
			developmentRegion = English;
			hasScannedForEncodings = 0;
			knownRegions = (
				en,
				Base,
			);
			mainGroup = 3FE68AF81B9F2D1000632885;
			productRefGroup = 3FE68B021B9F2D1000632885 /* Products */;
			projectDirPath = "";
			projectRoot = "";
			targets = (
				3FE68B001B9F2D1000632885 /* Objective-C UIKit */,
			);
		};
/* End PBXProject section */

/* Begin PBXResourcesBuildPhase section */
		3FE68AFF1B9F2D1000632885 /* Resources */ = {
			isa = PBXResourcesBuildPhase;
			buildActionMask = 2147483647;
			files = (
				3FDF4F1D1BB8644900BFAFFC /* MRFInfoCell.xib in Resources */,
				3FDF4F161BB841CE00BFAFFC /* MRFLoadingView.xib in Resources */,
				3F2B20A51BAB559E00B83FB9 /* MRFInfoViewController.xib in Resources */,
				3FE68B481B9F2FF300632885 /* Images.xcassets in Resources */,
				3FE68B7E1BA73D4E00632885 /* MRFSquareViewController.xib in Resources */,
				3F6F08781BD02289005A6CB0 /* MRFImageView.xib in Resources */,
				3FE68B461B9F2FF300632885 /* LaunchScreen.xib in Resources */,
				3FE68B411B9F2FF300632885 /* IDPStudyPlan in Resources */,
			);
			runOnlyForDeploymentPostprocessing = 0;
		};
/* End PBXResourcesBuildPhase section */

/* Begin PBXSourcesBuildPhase section */
		3FE68AFD1B9F2D1000632885 /* Sources */ = {
			isa = PBXSourcesBuildPhase;
			buildActionMask = 2147483647;
			files = (
				3F6F087C1BD028A1005A6CB0 /* MRFCache.m in Sources */,
				3F2B211A1BAC181200B83FB9 /* MRFAlphabetWithRange.m in Sources */,
				3F2B21381BB36E2A00B83FB9 /* MRFDispatch.m in Sources */,
				3FDF4F211BBAE55E00BFAFFC /* NSFileManager+MRFExtensions.m in Sources */,
				3F2B21191BAC181200B83FB9 /* MRFAlphabetFromString.m in Sources */,
				3F2B21181BAC181200B83FB9 /* MRFAlphabets.m in Sources */,
				3F6F086F1BCD84F6005A6CB0 /* MRFURLImageModel.m in Sources */,
				3F6F08621BCC2F3A005A6CB0 /* MRFImageModel.m in Sources */,
				3F2B211C1BAC181200B83FB9 /* MRFObservableObject.m in Sources */,
				3F2B21241BAF0C8100B83FB9 /* UINib+MRFExtensions.m in Sources */,
				3FE68B7D1BA73D4E00632885 /* MRFSquareViewController.m in Sources */,
				3F2B21301BB1F89F00B83FB9 /* NSIndexPath+MRFExtension.m in Sources */,
				3FDF4F091BB6ED3400BFAFFC /* MRFPositionModel.m in Sources */,
				3F2B20A41BAB559E00B83FB9 /* MRFInfoViewController.m in Sources */,
				3F2B21161BAC181200B83FB9 /* UIWindow+MFRExtensions.m in Sources */,
				3F6F08721BCD8507005A6CB0 /* MRFFileImageModel.m in Sources */,
				3FE68B431B9F2FF300632885 /* main.m in Sources */,
				3FDF4F051BB5A80100BFAFFC /* MRFArrayChangesModel.m in Sources */,
				3F2B20A81BAB55DF00B83FB9 /* MRFInfoView.m in Sources */,
				3F2B21281BAF14B700B83FB9 /* UITableView+MRFExtensions.m in Sources */,
				3F2B21151BAC181200B83FB9 /* UIViewController+MRFExtensions.m in Sources */,
				3FE68B7F1BA73D4E00632885 /* MRFSquareViewHolder.m in Sources */,
				3F2B211B1BAC181200B83FB9 /* MRFAlphabetWithStrings.m in Sources */,
				5F420E7B1BCBA90C00B018A9 /* MRFView.m in Sources */,
				3FDC17D71BCAAEB300EFA689 /* MRFArrayChangesModel+UITableView.m in Sources */,
				3FDF4F141BB841B800BFAFFC /* MRFLoadingView.m in Sources */,
				3F2B21341BB2072300B83FB9 /* MRFInfoArrayModel.m in Sources */,
				3F86FAB71BC4168E00978807 /* MRFModel.m in Sources */,
				3F2B21141BAC181200B83FB9 /* NSString+MRFExtensions.m in Sources */,
				3F2B212C1BB1DA6800B83FB9 /* NSMutableArray+MRFExtension.m in Sources */,
				3F2B20C91BAC117700B83FB9 /* MRFArrayModel.m in Sources */,
				3FDF4F0D1BB6ED6C00BFAFFC /* MRFMovingPositionModel.m in Sources */,
				3FDF4F1C1BB8644900BFAFFC /* MRFInfoCell.m in Sources */,
				3FE68B761BA739EB00632885 /* MRFAppDelegate.m in Sources */,
				3F2B21171BAC181200B83FB9 /* MRFAlphabet.m in Sources */,
				3F2B211D1BAC181200B83FB9 /* MRFTableViewCell.m in Sources */,
				3F6F08761BCEDB3C005A6CB0 /* MRFImageView.m in Sources */,
				3F2B20C51BAC107000B83FB9 /* MRFInfoModel.m in Sources */,
			);
			runOnlyForDeploymentPostprocessing = 0;
		};
/* End PBXSourcesBuildPhase section */

/* Begin PBXVariantGroup section */
		3FE68B381B9F2FF300632885 /* LaunchScreen.xib */ = {
			isa = PBXVariantGroup;
			children = (
				3FE68B391B9F2FF300632885 /* Base */,
			);
			name = LaunchScreen.xib;
			sourceTree = "<group>";
		};
/* End PBXVariantGroup section */

/* Begin XCBuildConfiguration section */
		3FE68B221B9F2D1000632885 /* Debug */ = {
			isa = XCBuildConfiguration;
			buildSettings = {
				ALWAYS_SEARCH_USER_PATHS = NO;
				CLANG_CXX_LANGUAGE_STANDARD = "gnu++0x";
				CLANG_CXX_LIBRARY = "libc++";
				CLANG_ENABLE_MODULES = YES;
				CLANG_ENABLE_OBJC_ARC = YES;
				CLANG_WARN_BOOL_CONVERSION = YES;
				CLANG_WARN_CONSTANT_CONVERSION = YES;
				CLANG_WARN_DIRECT_OBJC_ISA_USAGE = YES_ERROR;
				CLANG_WARN_EMPTY_BODY = YES;
				CLANG_WARN_ENUM_CONVERSION = YES;
				CLANG_WARN_INT_CONVERSION = YES;
				CLANG_WARN_OBJC_ROOT_CLASS = YES_ERROR;
				CLANG_WARN_UNREACHABLE_CODE = YES;
				CLANG_WARN__DUPLICATE_METHOD_MATCH = YES;
				"CODE_SIGN_IDENTITY[sdk=iphoneos*]" = "iPhone Developer";
				COPY_PHASE_STRIP = NO;
				DEBUG_INFORMATION_FORMAT = "dwarf-with-dsym";
				ENABLE_STRICT_OBJC_MSGSEND = YES;
				ENABLE_TESTABILITY = YES;
				GCC_C_LANGUAGE_STANDARD = gnu99;
				GCC_DYNAMIC_NO_PIC = NO;
				GCC_NO_COMMON_BLOCKS = YES;
				GCC_OPTIMIZATION_LEVEL = 0;
				GCC_PREPROCESSOR_DEFINITIONS = (
					"DEBUG=1",
					"$(inherited)",
				);
				GCC_SYMBOLS_PRIVATE_EXTERN = NO;
				GCC_WARN_64_TO_32_BIT_CONVERSION = YES;
				GCC_WARN_ABOUT_RETURN_TYPE = YES_ERROR;
				GCC_WARN_UNDECLARED_SELECTOR = YES;
				GCC_WARN_UNINITIALIZED_AUTOS = YES_AGGRESSIVE;
				GCC_WARN_UNUSED_FUNCTION = YES;
				GCC_WARN_UNUSED_VARIABLE = YES;
				IPHONEOS_DEPLOYMENT_TARGET = 8.0;
				MTL_ENABLE_DEBUG_INFO = YES;
				ONLY_ACTIVE_ARCH = YES;
				SDKROOT = iphoneos;
			};
			name = Debug;
		};
		3FE68B231B9F2D1000632885 /* Release */ = {
			isa = XCBuildConfiguration;
			buildSettings = {
				ALWAYS_SEARCH_USER_PATHS = NO;
				CLANG_CXX_LANGUAGE_STANDARD = "gnu++0x";
				CLANG_CXX_LIBRARY = "libc++";
				CLANG_ENABLE_MODULES = YES;
				CLANG_ENABLE_OBJC_ARC = YES;
				CLANG_WARN_BOOL_CONVERSION = YES;
				CLANG_WARN_CONSTANT_CONVERSION = YES;
				CLANG_WARN_DIRECT_OBJC_ISA_USAGE = YES_ERROR;
				CLANG_WARN_EMPTY_BODY = YES;
				CLANG_WARN_ENUM_CONVERSION = YES;
				CLANG_WARN_INT_CONVERSION = YES;
				CLANG_WARN_OBJC_ROOT_CLASS = YES_ERROR;
				CLANG_WARN_UNREACHABLE_CODE = YES;
				CLANG_WARN__DUPLICATE_METHOD_MATCH = YES;
				"CODE_SIGN_IDENTITY[sdk=iphoneos*]" = "iPhone Developer";
				COPY_PHASE_STRIP = NO;
				DEBUG_INFORMATION_FORMAT = "dwarf-with-dsym";
				ENABLE_NS_ASSERTIONS = NO;
				ENABLE_STRICT_OBJC_MSGSEND = YES;
				GCC_C_LANGUAGE_STANDARD = gnu99;
				GCC_NO_COMMON_BLOCKS = YES;
				GCC_WARN_64_TO_32_BIT_CONVERSION = YES;
				GCC_WARN_ABOUT_RETURN_TYPE = YES_ERROR;
				GCC_WARN_UNDECLARED_SELECTOR = YES;
				GCC_WARN_UNINITIALIZED_AUTOS = YES_AGGRESSIVE;
				GCC_WARN_UNUSED_FUNCTION = YES;
				GCC_WARN_UNUSED_VARIABLE = YES;
				IPHONEOS_DEPLOYMENT_TARGET = 8.0;
				MTL_ENABLE_DEBUG_INFO = NO;
				SDKROOT = iphoneos;
				VALIDATE_PRODUCT = YES;
			};
			name = Release;
		};
		3FE68B251B9F2D1000632885 /* Debug */ = {
			isa = XCBuildConfiguration;
			buildSettings = {
				ASSETCATALOG_COMPILER_APPICON_NAME = AppIcon;
				CODE_SIGN_IDENTITY = "iPhone Developer";
				INFOPLIST_FILE = "Objective-C UIKit/Info.plist";
				IPHONEOS_DEPLOYMENT_TARGET = 8.0;
				LD_RUNPATH_SEARCH_PATHS = "$(inherited) @executable_path/Frameworks";
				PRODUCT_BUNDLE_IDENTIFIER = "MRF.$(PRODUCT_NAME:rfc1034identifier)";
				PRODUCT_NAME = "$(TARGET_NAME)";
			};
			name = Debug;
		};
		3FE68B261B9F2D1000632885 /* Release */ = {
			isa = XCBuildConfiguration;
			buildSettings = {
				ASSETCATALOG_COMPILER_APPICON_NAME = AppIcon;
				CODE_SIGN_IDENTITY = "iPhone Developer";
				INFOPLIST_FILE = "Objective-C UIKit/Info.plist";
				IPHONEOS_DEPLOYMENT_TARGET = 8.0;
				LD_RUNPATH_SEARCH_PATHS = "$(inherited) @executable_path/Frameworks";
				PRODUCT_BUNDLE_IDENTIFIER = "MRF.$(PRODUCT_NAME:rfc1034identifier)";
				PRODUCT_NAME = "$(TARGET_NAME)";
			};
			name = Release;
		};
/* End XCBuildConfiguration section */

/* Begin XCConfigurationList section */
		3FE68AFC1B9F2D1000632885 /* Build configuration list for PBXProject "Objective-C UIKit" */ = {
			isa = XCConfigurationList;
			buildConfigurations = (
				3FE68B221B9F2D1000632885 /* Debug */,
				3FE68B231B9F2D1000632885 /* Release */,
			);
			defaultConfigurationIsVisible = 0;
			defaultConfigurationName = Release;
		};
		3FE68B241B9F2D1000632885 /* Build configuration list for PBXNativeTarget "Objective-C UIKit" */ = {
			isa = XCConfigurationList;
			buildConfigurations = (
				3FE68B251B9F2D1000632885 /* Debug */,
				3FE68B261B9F2D1000632885 /* Release */,
			);
			defaultConfigurationIsVisible = 0;
			defaultConfigurationName = Release;
		};
/* End XCConfigurationList section */
	};
	rootObject = 3FE68AF91B9F2D1000632885 /* Project object */;
}
